// !$*UTF8*$!
{
	archiveVersion = 1;
	classes = {
	};
	objectVersion = 56;
	objects = {

/* Begin PBXBuildFile section */
		BC3D267229905B5E00948490 /* ProfileViewModel.swift in Sources */ = {isa = PBXBuildFile; fileRef = BC3D267129905B5E00948490 /* ProfileViewModel.swift */; };
		BC3D267429905D4700948490 /* AlbumDetailsViewController.swift in Sources */ = {isa = PBXBuildFile; fileRef = BC3D267329905D4700948490 /* AlbumDetailsViewController.swift */; };
		BC3D267629905D6F00948490 /* ImageViewerViewController.swift in Sources */ = {isa = PBXBuildFile; fileRef = BC3D267529905D6F00948490 /* ImageViewerViewController.swift */; };
		BC3D2679299061B200948490 /* User.swift in Sources */ = {isa = PBXBuildFile; fileRef = BC3D2678299061B200948490 /* User.swift */; };
		BC3D267B299061C900948490 /* Album.swift in Sources */ = {isa = PBXBuildFile; fileRef = BC3D267A299061C900948490 /* Album.swift */; };
		BC3D267D2990646500948490 /* Address.swift in Sources */ = {isa = PBXBuildFile; fileRef = BC3D267C2990646500948490 /* Address.swift */; };
		BC6625B6298FF9FD00ED94D5 /* AppDelegate.swift in Sources */ = {isa = PBXBuildFile; fileRef = BC6625B5298FF9FD00ED94D5 /* AppDelegate.swift */; };
		BC6625B8298FF9FD00ED94D5 /* SceneDelegate.swift in Sources */ = {isa = PBXBuildFile; fileRef = BC6625B7298FF9FD00ED94D5 /* SceneDelegate.swift */; };
		BC6625BA298FF9FD00ED94D5 /* ProfileViewController.swift in Sources */ = {isa = PBXBuildFile; fileRef = BC6625B9298FF9FD00ED94D5 /* ProfileViewController.swift */; };
		BC6625BF298FFA0000ED94D5 /* Assets.xcassets in Resources */ = {isa = PBXBuildFile; fileRef = BC6625BE298FFA0000ED94D5 /* Assets.xcassets */; };
		BC6625C2298FFA0000ED94D5 /* LaunchScreen.storyboard in Resources */ = {isa = PBXBuildFile; fileRef = BC6625C0298FFA0000ED94D5 /* LaunchScreen.storyboard */; };
		BC6625CD298FFA0100ED94D5 /* MyAlbumsTests.swift in Sources */ = {isa = PBXBuildFile; fileRef = BC6625CC298FFA0100ED94D5 /* MyAlbumsTests.swift */; };
		BC6625D7298FFA0200ED94D5 /* MyAlbumsUITests.swift in Sources */ = {isa = PBXBuildFile; fileRef = BC6625D6298FFA0200ED94D5 /* MyAlbumsUITests.swift */; };
		BC6625D9298FFA0200ED94D5 /* MyAlbumsUITestsLaunchTests.swift in Sources */ = {isa = PBXBuildFile; fileRef = BC6625D8298FFA0200ED94D5 /* MyAlbumsUITestsLaunchTests.swift */; };
		BC6625EB2990131F00ED94D5 /* String+Ext.swift in Sources */ = {isa = PBXBuildFile; fileRef = BC6625EA2990131F00ED94D5 /* String+Ext.swift */; };
		BC6625EE2990139F00ED94D5 /* UITextsContainer.swift in Sources */ = {isa = PBXBuildFile; fileRef = BC6625ED2990139F00ED94D5 /* UITextsContainer.swift */; };
		BC6625F12990151900ED94D5 /* Coordinator.swift in Sources */ = {isa = PBXBuildFile; fileRef = BC6625F02990151900ED94D5 /* Coordinator.swift */; };
		BC6625F3299015BA00ED94D5 /* ProfileCoordinator.swift in Sources */ = {isa = PBXBuildFile; fileRef = BC6625F2299015BA00ED94D5 /* ProfileCoordinator.swift */; };
		BC6625F62990206800ED94D5 /* DependencyContainer.swift in Sources */ = {isa = PBXBuildFile; fileRef = BC6625F52990206800ED94D5 /* DependencyContainer.swift */; };
		BC6625F92990211800ED94D5 /* UserDefaultsManager.swift in Sources */ = {isa = PBXBuildFile; fileRef = BC6625F82990211800ED94D5 /* UserDefaultsManager.swift */; };
		BC6625FD299025A800ED94D5 /* Localizable.strings in Resources */ = {isa = PBXBuildFile; fileRef = BC6625FF299025A800ED94D5 /* Localizable.strings */; };
		BC66260329902A5D00ED94D5 /* NetworkManager.swift in Sources */ = {isa = PBXBuildFile; fileRef = BC66260229902A5D00ED94D5 /* NetworkManager.swift */; };
		BC66260629902B5900ED94D5 /* NetworkingManagerProtocol.swift in Sources */ = {isa = PBXBuildFile; fileRef = BC66260529902B5900ED94D5 /* NetworkingManagerProtocol.swift */; };
		BC66260829902B7D00ED94D5 /* UserDefaultsManagerProtocol.swift in Sources */ = {isa = PBXBuildFile; fileRef = BC66260729902B7D00ED94D5 /* UserDefaultsManagerProtocol.swift */; };
		BC66260C29902C3700ED94D5 /* StorageWrapper.swift in Sources */ = {isa = PBXBuildFile; fileRef = BC66260B29902C3700ED94D5 /* StorageWrapper.swift */; };
		BC66260E2990369100ED94D5 /* RootTabBarController.swift in Sources */ = {isa = PBXBuildFile; fileRef = BC66260D2990369100ED94D5 /* RootTabBarController.swift */; };
		BC662610299036E600ED94D5 /* TabBarCoordinator.swift in Sources */ = {isa = PBXBuildFile; fileRef = BC66260F299036E600ED94D5 /* TabBarCoordinator.swift */; };
		BC662613299037CB00ED94D5 /* ViewControllersFactory.swift in Sources */ = {isa = PBXBuildFile; fileRef = BC662612299037CB00ED94D5 /* ViewControllersFactory.swift */; };
		BC6626152990387C00ED94D5 /* ProfileCoordination.swift in Sources */ = {isa = PBXBuildFile; fileRef = BC6626142990387C00ED94D5 /* ProfileCoordination.swift */; };
		BC662617299038E600ED94D5 /* SettingsCoordination.swift in Sources */ = {isa = PBXBuildFile; fileRef = BC662616299038E600ED94D5 /* SettingsCoordination.swift */; };
		BC66261B29903AED00ED94D5 /* SettingsViewController.swift in Sources */ = {isa = PBXBuildFile; fileRef = BC66261A29903AED00ED94D5 /* SettingsViewController.swift */; };
		BC66261D29903BAE00ED94D5 /* SwiftUIPreview.swift in Sources */ = {isa = PBXBuildFile; fileRef = BC66261C29903BAE00ED94D5 /* SwiftUIPreview.swift */; };
		BC66262029903CE900ED94D5 /* MainViewControllersFactory.swift in Sources */ = {isa = PBXBuildFile; fileRef = BC66261F29903CE900ED94D5 /* MainViewControllersFactory.swift */; };
		BC66262329903E5000ED94D5 /* SettingsCoordinatorMock.swift in Sources */ = {isa = PBXBuildFile; fileRef = BC66262229903E5000ED94D5 /* SettingsCoordinatorMock.swift */; };
		BC66262629903EA600ED94D5 /* ProfileCoordinatorMock.swift in Sources */ = {isa = PBXBuildFile; fileRef = BC66262529903EA500ED94D5 /* ProfileCoordinatorMock.swift */; };
		BC6626292990435700ED94D5 /* SettingsCoordinator.swift in Sources */ = {isa = PBXBuildFile; fileRef = BC6626282990435700ED94D5 /* SettingsCoordinator.swift */; };
		BC66262B2990458200ED94D5 /* UIImage+Ext.swift in Sources */ = {isa = PBXBuildFile; fileRef = BC66262A2990458200ED94D5 /* UIImage+Ext.swift */; };
		BCB37D632990CE8E00D6C671 /* AlbumDetailsViewModel.swift in Sources */ = {isa = PBXBuildFile; fileRef = BCB37D622990CE8E00D6C671 /* AlbumDetailsViewModel.swift */; };
		BCB37D652990D01300D6C671 /* AlbumDetailsCollectionViewDataSource.swift in Sources */ = {isa = PBXBuildFile; fileRef = BCB37D642990D01300D6C671 /* AlbumDetailsCollectionViewDataSource.swift */; };
		BCB37D692990D0AE00D6C671 /* AlbumCollectionViewCell.swift in Sources */ = {isa = PBXBuildFile; fileRef = BCB37D682990D0AE00D6C671 /* AlbumCollectionViewCell.swift */; };
		BCB37D6B2990D58C00D6C671 /* UIView+Ext.swift in Sources */ = {isa = PBXBuildFile; fileRef = BCB37D6A2990D58C00D6C671 /* UIView+Ext.swift */; };
		BCD1AFE62990695000CFDDD4 /* ProfileHeader.swift in Sources */ = {isa = PBXBuildFile; fileRef = BCD1AFE52990695000CFDDD4 /* ProfileHeader.swift */; };
		BCD1AFEA2990774100CFDDD4 /* ProfileTableViewDataSource.swift in Sources */ = {isa = PBXBuildFile; fileRef = BCD1AFE92990774100CFDDD4 /* ProfileTableViewDataSource.swift */; };
/* End PBXBuildFile section */

/* Begin PBXContainerItemProxy section */
		BC6625C9298FFA0100ED94D5 /* PBXContainerItemProxy */ = {
			isa = PBXContainerItemProxy;
			containerPortal = BC6625AA298FF9FD00ED94D5 /* Project object */;
			proxyType = 1;
			remoteGlobalIDString = BC6625B1298FF9FD00ED94D5;
			remoteInfo = MyAlbums;
		};
		BC6625D3298FFA0200ED94D5 /* PBXContainerItemProxy */ = {
			isa = PBXContainerItemProxy;
			containerPortal = BC6625AA298FF9FD00ED94D5 /* Project object */;
			proxyType = 1;
			remoteGlobalIDString = BC6625B1298FF9FD00ED94D5;
			remoteInfo = MyAlbums;
		};
/* End PBXContainerItemProxy section */

/* Begin PBXFileReference section */
		BC3D267129905B5E00948490 /* ProfileViewModel.swift */ = {isa = PBXFileReference; lastKnownFileType = sourcecode.swift; path = ProfileViewModel.swift; sourceTree = "<group>"; };
		BC3D267329905D4700948490 /* AlbumDetailsViewController.swift */ = {isa = PBXFileReference; lastKnownFileType = sourcecode.swift; path = AlbumDetailsViewController.swift; sourceTree = "<group>"; };
		BC3D267529905D6F00948490 /* ImageViewerViewController.swift */ = {isa = PBXFileReference; lastKnownFileType = sourcecode.swift; path = ImageViewerViewController.swift; sourceTree = "<group>"; };
		BC3D2678299061B200948490 /* User.swift */ = {isa = PBXFileReference; lastKnownFileType = sourcecode.swift; path = User.swift; sourceTree = "<group>"; };
		BC3D267A299061C900948490 /* Album.swift */ = {isa = PBXFileReference; lastKnownFileType = sourcecode.swift; path = Album.swift; sourceTree = "<group>"; };
		BC3D267C2990646500948490 /* Address.swift */ = {isa = PBXFileReference; lastKnownFileType = sourcecode.swift; path = Address.swift; sourceTree = "<group>"; };
		BC6625B2298FF9FD00ED94D5 /* MyAlbums.app */ = {isa = PBXFileReference; explicitFileType = wrapper.application; includeInIndex = 0; path = MyAlbums.app; sourceTree = BUILT_PRODUCTS_DIR; };
		BC6625B5298FF9FD00ED94D5 /* AppDelegate.swift */ = {isa = PBXFileReference; lastKnownFileType = sourcecode.swift; path = AppDelegate.swift; sourceTree = "<group>"; };
		BC6625B7298FF9FD00ED94D5 /* SceneDelegate.swift */ = {isa = PBXFileReference; lastKnownFileType = sourcecode.swift; path = SceneDelegate.swift; sourceTree = "<group>"; };
		BC6625B9298FF9FD00ED94D5 /* ProfileViewController.swift */ = {isa = PBXFileReference; lastKnownFileType = sourcecode.swift; path = ProfileViewController.swift; sourceTree = "<group>"; };
		BC6625BE298FFA0000ED94D5 /* Assets.xcassets */ = {isa = PBXFileReference; lastKnownFileType = folder.assetcatalog; path = Assets.xcassets; sourceTree = "<group>"; };
		BC6625C1298FFA0000ED94D5 /* Base */ = {isa = PBXFileReference; lastKnownFileType = file.storyboard; name = Base; path = Base.lproj/LaunchScreen.storyboard; sourceTree = "<group>"; };
		BC6625C3298FFA0000ED94D5 /* Info.plist */ = {isa = PBXFileReference; lastKnownFileType = text.plist.xml; path = Info.plist; sourceTree = "<group>"; };
		BC6625C8298FFA0100ED94D5 /* MyAlbumsTests.xctest */ = {isa = PBXFileReference; explicitFileType = wrapper.cfbundle; includeInIndex = 0; path = MyAlbumsTests.xctest; sourceTree = BUILT_PRODUCTS_DIR; };
		BC6625CC298FFA0100ED94D5 /* MyAlbumsTests.swift */ = {isa = PBXFileReference; lastKnownFileType = sourcecode.swift; path = MyAlbumsTests.swift; sourceTree = "<group>"; };
		BC6625D2298FFA0200ED94D5 /* MyAlbumsUITests.xctest */ = {isa = PBXFileReference; explicitFileType = wrapper.cfbundle; includeInIndex = 0; path = MyAlbumsUITests.xctest; sourceTree = BUILT_PRODUCTS_DIR; };
		BC6625D6298FFA0200ED94D5 /* MyAlbumsUITests.swift */ = {isa = PBXFileReference; lastKnownFileType = sourcecode.swift; path = MyAlbumsUITests.swift; sourceTree = "<group>"; };
		BC6625D8298FFA0200ED94D5 /* MyAlbumsUITestsLaunchTests.swift */ = {isa = PBXFileReference; lastKnownFileType = sourcecode.swift; path = MyAlbumsUITestsLaunchTests.swift; sourceTree = "<group>"; };
		BC6625EA2990131F00ED94D5 /* String+Ext.swift */ = {isa = PBXFileReference; lastKnownFileType = sourcecode.swift; path = "String+Ext.swift"; sourceTree = "<group>"; };
		BC6625ED2990139F00ED94D5 /* UITextsContainer.swift */ = {isa = PBXFileReference; lastKnownFileType = sourcecode.swift; path = UITextsContainer.swift; sourceTree = "<group>"; };
		BC6625F02990151900ED94D5 /* Coordinator.swift */ = {isa = PBXFileReference; lastKnownFileType = sourcecode.swift; path = Coordinator.swift; sourceTree = "<group>"; };
		BC6625F2299015BA00ED94D5 /* ProfileCoordinator.swift */ = {isa = PBXFileReference; lastKnownFileType = sourcecode.swift; path = ProfileCoordinator.swift; sourceTree = "<group>"; };
		BC6625F52990206800ED94D5 /* DependencyContainer.swift */ = {isa = PBXFileReference; lastKnownFileType = sourcecode.swift; path = DependencyContainer.swift; sourceTree = "<group>"; };
		BC6625F82990211800ED94D5 /* UserDefaultsManager.swift */ = {isa = PBXFileReference; lastKnownFileType = sourcecode.swift; path = UserDefaultsManager.swift; sourceTree = "<group>"; };
		BC6625FA2990243D00ED94D5 /* ar */ = {isa = PBXFileReference; lastKnownFileType = text.plist.strings; name = ar; path = ar.lproj/LaunchScreen.strings; sourceTree = "<group>"; };
		BC6625FE299025A800ED94D5 /* en */ = {isa = PBXFileReference; lastKnownFileType = text.plist.strings; name = en; path = en.lproj/Localizable.strings; sourceTree = "<group>"; };
		BC662600299025AB00ED94D5 /* ar */ = {isa = PBXFileReference; lastKnownFileType = text.plist.strings; name = ar; path = ar.lproj/Localizable.strings; sourceTree = "<group>"; };
		BC66260229902A5D00ED94D5 /* NetworkManager.swift */ = {isa = PBXFileReference; lastKnownFileType = sourcecode.swift; path = NetworkManager.swift; sourceTree = "<group>"; };
		BC66260529902B5900ED94D5 /* NetworkingManagerProtocol.swift */ = {isa = PBXFileReference; lastKnownFileType = sourcecode.swift; path = NetworkingManagerProtocol.swift; sourceTree = "<group>"; };
		BC66260729902B7D00ED94D5 /* UserDefaultsManagerProtocol.swift */ = {isa = PBXFileReference; lastKnownFileType = sourcecode.swift; path = UserDefaultsManagerProtocol.swift; sourceTree = "<group>"; };
		BC66260B29902C3700ED94D5 /* StorageWrapper.swift */ = {isa = PBXFileReference; lastKnownFileType = sourcecode.swift; path = StorageWrapper.swift; sourceTree = "<group>"; };
		BC66260D2990369100ED94D5 /* RootTabBarController.swift */ = {isa = PBXFileReference; lastKnownFileType = sourcecode.swift; path = RootTabBarController.swift; sourceTree = "<group>"; };
		BC66260F299036E600ED94D5 /* TabBarCoordinator.swift */ = {isa = PBXFileReference; lastKnownFileType = sourcecode.swift; path = TabBarCoordinator.swift; sourceTree = "<group>"; };
		BC662612299037CB00ED94D5 /* ViewControllersFactory.swift */ = {isa = PBXFileReference; lastKnownFileType = sourcecode.swift; path = ViewControllersFactory.swift; sourceTree = "<group>"; };
		BC6626142990387C00ED94D5 /* ProfileCoordination.swift */ = {isa = PBXFileReference; lastKnownFileType = sourcecode.swift; path = ProfileCoordination.swift; sourceTree = "<group>"; };
		BC662616299038E600ED94D5 /* SettingsCoordination.swift */ = {isa = PBXFileReference; lastKnownFileType = sourcecode.swift; path = SettingsCoordination.swift; sourceTree = "<group>"; };
		BC66261A29903AED00ED94D5 /* SettingsViewController.swift */ = {isa = PBXFileReference; lastKnownFileType = sourcecode.swift; path = SettingsViewController.swift; sourceTree = "<group>"; };
		BC66261C29903BAE00ED94D5 /* SwiftUIPreview.swift */ = {isa = PBXFileReference; lastKnownFileType = sourcecode.swift; path = SwiftUIPreview.swift; sourceTree = "<group>"; };
		BC66261F29903CE900ED94D5 /* MainViewControllersFactory.swift */ = {isa = PBXFileReference; lastKnownFileType = sourcecode.swift; path = MainViewControllersFactory.swift; sourceTree = "<group>"; };
		BC66262229903E5000ED94D5 /* SettingsCoordinatorMock.swift */ = {isa = PBXFileReference; lastKnownFileType = sourcecode.swift; path = SettingsCoordinatorMock.swift; sourceTree = "<group>"; };
		BC66262529903EA500ED94D5 /* ProfileCoordinatorMock.swift */ = {isa = PBXFileReference; lastKnownFileType = sourcecode.swift; path = ProfileCoordinatorMock.swift; sourceTree = "<group>"; };
		BC6626282990435700ED94D5 /* SettingsCoordinator.swift */ = {isa = PBXFileReference; lastKnownFileType = sourcecode.swift; path = SettingsCoordinator.swift; sourceTree = "<group>"; };
		BC66262A2990458200ED94D5 /* UIImage+Ext.swift */ = {isa = PBXFileReference; lastKnownFileType = sourcecode.swift; path = "UIImage+Ext.swift"; sourceTree = "<group>"; };
		BCB37D622990CE8E00D6C671 /* AlbumDetailsViewModel.swift */ = {isa = PBXFileReference; lastKnownFileType = sourcecode.swift; path = AlbumDetailsViewModel.swift; sourceTree = "<group>"; };
		BCB37D642990D01300D6C671 /* AlbumDetailsCollectionViewDataSource.swift */ = {isa = PBXFileReference; lastKnownFileType = sourcecode.swift; path = AlbumDetailsCollectionViewDataSource.swift; sourceTree = "<group>"; };
		BCB37D682990D0AE00D6C671 /* AlbumCollectionViewCell.swift */ = {isa = PBXFileReference; lastKnownFileType = sourcecode.swift; path = AlbumCollectionViewCell.swift; sourceTree = "<group>"; };
		BCB37D6A2990D58C00D6C671 /* UIView+Ext.swift */ = {isa = PBXFileReference; lastKnownFileType = sourcecode.swift; path = "UIView+Ext.swift"; sourceTree = "<group>"; };
		BCD1AFE52990695000CFDDD4 /* ProfileHeader.swift */ = {isa = PBXFileReference; lastKnownFileType = sourcecode.swift; path = ProfileHeader.swift; sourceTree = "<group>"; };
		BCD1AFE92990774100CFDDD4 /* ProfileTableViewDataSource.swift */ = {isa = PBXFileReference; lastKnownFileType = sourcecode.swift; path = ProfileTableViewDataSource.swift; sourceTree = "<group>"; };
/* End PBXFileReference section */

/* Begin PBXFrameworksBuildPhase section */
		BC6625AF298FF9FD00ED94D5 /* Frameworks */ = {
			isa = PBXFrameworksBuildPhase;
			buildActionMask = 2147483647;
			files = (
			);
			runOnlyForDeploymentPostprocessing = 0;
		};
		BC6625C5298FFA0100ED94D5 /* Frameworks */ = {
			isa = PBXFrameworksBuildPhase;
			buildActionMask = 2147483647;
			files = (
			);
			runOnlyForDeploymentPostprocessing = 0;
		};
		BC6625CF298FFA0200ED94D5 /* Frameworks */ = {
			isa = PBXFrameworksBuildPhase;
			buildActionMask = 2147483647;
			files = (
			);
			runOnlyForDeploymentPostprocessing = 0;
		};
/* End PBXFrameworksBuildPhase section */

/* Begin PBXGroup section */
		BC3D267729905E0600948490 /* Models */ = {
			isa = PBXGroup;
			children = (
				BC3D2678299061B200948490 /* User.swift */,
				BC3D267A299061C900948490 /* Album.swift */,
				BC3D267C2990646500948490 /* Address.swift */,
			);
			path = Models;
			sourceTree = "<group>";
		};
		BC6625A9298FF9FD00ED94D5 = {
			isa = PBXGroup;
			children = (
				BC6625B4298FF9FD00ED94D5 /* MyAlbums */,
				BC6625CB298FFA0100ED94D5 /* MyAlbumsTests */,
				BC6625D5298FFA0200ED94D5 /* MyAlbumsUITests */,
				BC6625B3298FF9FD00ED94D5 /* Products */,
			);
			sourceTree = "<group>";
		};
		BC6625B3298FF9FD00ED94D5 /* Products */ = {
			isa = PBXGroup;
			children = (
				BC6625B2298FF9FD00ED94D5 /* MyAlbums.app */,
				BC6625C8298FFA0100ED94D5 /* MyAlbumsTests.xctest */,
				BC6625D2298FFA0200ED94D5 /* MyAlbumsUITests.xctest */,
			);
			name = Products;
			sourceTree = "<group>";
		};
		BC6625B4298FF9FD00ED94D5 /* MyAlbums */ = {
			isa = PBXGroup;
			children = (
				BC6625E5298FFA2900ED94D5 /* Support */,
				BC66260929902BF900ED94D5 /* Utilities */,
				BC66260429902B1D00ED94D5 /* Protocols */,
				BC3D267729905E0600948490 /* Models */,
				BC6625E62990126600ED94D5 /* Screens */,
				BCD1AFE42990693200CFDDD4 /* Views */,
				BC6625EF299014F000ED94D5 /* Navigation */,
				BC66260129902A3F00ED94D5 /* Networking */,
				BC6625F7299020F500ED94D5 /* Persistence */,
				BC6625F429901FD500ED94D5 /* Services */,
				BC66261E29903CCC00ED94D5 /* Factories */,
				BC6625E9299012E900ED94D5 /* Extensions */,
				BC6625EC2990133600ED94D5 /* Constants */,
				BC66262129903E3C00ED94D5 /* Mocks */,
			);
			path = MyAlbums;
			sourceTree = "<group>";
		};
		BC6625CB298FFA0100ED94D5 /* MyAlbumsTests */ = {
			isa = PBXGroup;
			children = (
				BC6625CC298FFA0100ED94D5 /* MyAlbumsTests.swift */,
			);
			path = MyAlbumsTests;
			sourceTree = "<group>";
		};
		BC6625D5298FFA0200ED94D5 /* MyAlbumsUITests */ = {
			isa = PBXGroup;
			children = (
				BC6625D6298FFA0200ED94D5 /* MyAlbumsUITests.swift */,
				BC6625D8298FFA0200ED94D5 /* MyAlbumsUITestsLaunchTests.swift */,
			);
			path = MyAlbumsUITests;
			sourceTree = "<group>";
		};
		BC6625E5298FFA2900ED94D5 /* Support */ = {
			isa = PBXGroup;
			children = (
				BC6625B5298FF9FD00ED94D5 /* AppDelegate.swift */,
				BC6625B7298FF9FD00ED94D5 /* SceneDelegate.swift */,
				BC6625F52990206800ED94D5 /* DependencyContainer.swift */,
				BC66261C29903BAE00ED94D5 /* SwiftUIPreview.swift */,
				BC6625BE298FFA0000ED94D5 /* Assets.xcassets */,
				BC6625C0298FFA0000ED94D5 /* LaunchScreen.storyboard */,
				BC6625C3298FFA0000ED94D5 /* Info.plist */,
			);
			path = Support;
			sourceTree = "<group>";
		};
		BC6625E62990126600ED94D5 /* Screens */ = {
			isa = PBXGroup;
			children = (
				BC6625E72990126F00ED94D5 /* Profile */,
				BC6625E82990127700ED94D5 /* AlbumDetails */,
				BC6626182990399100ED94D5 /* ImageViewer */,
				BC66261929903AB700ED94D5 /* SettingsScreen */,
			);
			path = Screens;
			sourceTree = "<group>";
		};
		BC6625E72990126F00ED94D5 /* Profile */ = {
			isa = PBXGroup;
			children = (
				BC6625B9298FF9FD00ED94D5 /* ProfileViewController.swift */,
				BC3D267129905B5E00948490 /* ProfileViewModel.swift */,
				BCD1AFE92990774100CFDDD4 /* ProfileTableViewDataSource.swift */,
			);
			path = Profile;
			sourceTree = "<group>";
		};
		BC6625E82990127700ED94D5 /* AlbumDetails */ = {
			isa = PBXGroup;
			children = (
				BC3D267329905D4700948490 /* AlbumDetailsViewController.swift */,
				BCB37D622990CE8E00D6C671 /* AlbumDetailsViewModel.swift */,
				BCB37D642990D01300D6C671 /* AlbumDetailsCollectionViewDataSource.swift */,
			);
			path = AlbumDetails;
			sourceTree = "<group>";
		};
		BC6625E9299012E900ED94D5 /* Extensions */ = {
			isa = PBXGroup;
			children = (
				BC6625EA2990131F00ED94D5 /* String+Ext.swift */,
				BC66262A2990458200ED94D5 /* UIImage+Ext.swift */,
				BCB37D6A2990D58C00D6C671 /* UIView+Ext.swift */,
			);
			path = Extensions;
			sourceTree = "<group>";
		};
		BC6625EC2990133600ED94D5 /* Constants */ = {
			isa = PBXGroup;
			children = (
				BC6625ED2990139F00ED94D5 /* UITextsContainer.swift */,
				BC6625FF299025A800ED94D5 /* Localizable.strings */,
			);
			path = Constants;
			sourceTree = "<group>";
		};
		BC6625EF299014F000ED94D5 /* Navigation */ = {
			isa = PBXGroup;
			children = (
				BC66260D2990369100ED94D5 /* RootTabBarController.swift */,
				BC6626272990433200ED94D5 /* Coordinators */,
			);
			path = Navigation;
			sourceTree = "<group>";
		};
		BC6625F429901FD500ED94D5 /* Services */ = {
			isa = PBXGroup;
			children = (
			);
			path = Services;
			sourceTree = "<group>";
		};
		BC6625F7299020F500ED94D5 /* Persistence */ = {
			isa = PBXGroup;
			children = (
				BC6625F82990211800ED94D5 /* UserDefaultsManager.swift */,
			);
			path = Persistence;
			sourceTree = "<group>";
		};
		BC66260129902A3F00ED94D5 /* Networking */ = {
			isa = PBXGroup;
			children = (
				BC66260229902A5D00ED94D5 /* NetworkManager.swift */,
			);
			path = Networking;
			sourceTree = "<group>";
		};
		BC66260429902B1D00ED94D5 /* Protocols */ = {
			isa = PBXGroup;
			children = (
				BC6625F02990151900ED94D5 /* Coordinator.swift */,
				BC66260529902B5900ED94D5 /* NetworkingManagerProtocol.swift */,
				BC66260729902B7D00ED94D5 /* UserDefaultsManagerProtocol.swift */,
				BC662612299037CB00ED94D5 /* ViewControllersFactory.swift */,
				BC6626142990387C00ED94D5 /* ProfileCoordination.swift */,
				BC662616299038E600ED94D5 /* SettingsCoordination.swift */,
			);
			path = Protocols;
			sourceTree = "<group>";
		};
		BC66260929902BF900ED94D5 /* Utilities */ = {
			isa = PBXGroup;
			children = (
				BC66260B29902C3700ED94D5 /* StorageWrapper.swift */,
			);
			path = Utilities;
			sourceTree = "<group>";
		};
		BC6626182990399100ED94D5 /* ImageViewer */ = {
			isa = PBXGroup;
			children = (
				BC3D267529905D6F00948490 /* ImageViewerViewController.swift */,
			);
			path = ImageViewer;
			sourceTree = "<group>";
		};
		BC66261929903AB700ED94D5 /* SettingsScreen */ = {
			isa = PBXGroup;
			children = (
				BC66261A29903AED00ED94D5 /* SettingsViewController.swift */,
			);
			path = SettingsScreen;
			sourceTree = "<group>";
		};
		BC66261E29903CCC00ED94D5 /* Factories */ = {
			isa = PBXGroup;
			children = (
				BC66261F29903CE900ED94D5 /* MainViewControllersFactory.swift */,
			);
			path = Factories;
			sourceTree = "<group>";
		};
		BC66262129903E3C00ED94D5 /* Mocks */ = {
			isa = PBXGroup;
			children = (
				BC66262429903E8E00ED94D5 /* Coordinators */,
			);
			path = Mocks;
			sourceTree = "<group>";
		};
		BC66262429903E8E00ED94D5 /* Coordinators */ = {
			isa = PBXGroup;
			children = (
				BC66262529903EA500ED94D5 /* ProfileCoordinatorMock.swift */,
				BC66262229903E5000ED94D5 /* SettingsCoordinatorMock.swift */,
			);
			path = Coordinators;
			sourceTree = "<group>";
		};
		BC6626272990433200ED94D5 /* Coordinators */ = {
			isa = PBXGroup;
			children = (
				BC66260F299036E600ED94D5 /* TabBarCoordinator.swift */,
				BC6625F2299015BA00ED94D5 /* ProfileCoordinator.swift */,
				BC6626282990435700ED94D5 /* SettingsCoordinator.swift */,
			);
			path = Coordinators;
			sourceTree = "<group>";
		};
		BCD1AFE42990693200CFDDD4 /* Views */ = {
			isa = PBXGroup;
			children = (
				BCD1AFE52990695000CFDDD4 /* ProfileHeader.swift */,
				BCB37D682990D0AE00D6C671 /* AlbumCollectionViewCell.swift */,
			);
			path = Views;
			sourceTree = "<group>";
		};
/* End PBXGroup section */

/* Begin PBXNativeTarget section */
		BC6625B1298FF9FD00ED94D5 /* MyAlbums */ = {
			isa = PBXNativeTarget;
			buildConfigurationList = BC6625DC298FFA0200ED94D5 /* Build configuration list for PBXNativeTarget "MyAlbums" */;
			buildPhases = (
				BC6625AE298FF9FD00ED94D5 /* Sources */,
				BC6625AF298FF9FD00ED94D5 /* Frameworks */,
				BC6625B0298FF9FD00ED94D5 /* Resources */,
			);
			buildRules = (
			);
			dependencies = (
			);
			name = MyAlbums;
			productName = MyAlbums;
			productReference = BC6625B2298FF9FD00ED94D5 /* MyAlbums.app */;
			productType = "com.apple.product-type.application";
		};
		BC6625C7298FFA0100ED94D5 /* MyAlbumsTests */ = {
			isa = PBXNativeTarget;
			buildConfigurationList = BC6625DF298FFA0200ED94D5 /* Build configuration list for PBXNativeTarget "MyAlbumsTests" */;
			buildPhases = (
				BC6625C4298FFA0100ED94D5 /* Sources */,
				BC6625C5298FFA0100ED94D5 /* Frameworks */,
				BC6625C6298FFA0100ED94D5 /* Resources */,
			);
			buildRules = (
			);
			dependencies = (
				BC6625CA298FFA0100ED94D5 /* PBXTargetDependency */,
			);
			name = MyAlbumsTests;
			productName = MyAlbumsTests;
			productReference = BC6625C8298FFA0100ED94D5 /* MyAlbumsTests.xctest */;
			productType = "com.apple.product-type.bundle.unit-test";
		};
		BC6625D1298FFA0200ED94D5 /* MyAlbumsUITests */ = {
			isa = PBXNativeTarget;
			buildConfigurationList = BC6625E2298FFA0200ED94D5 /* Build configuration list for PBXNativeTarget "MyAlbumsUITests" */;
			buildPhases = (
				BC6625CE298FFA0200ED94D5 /* Sources */,
				BC6625CF298FFA0200ED94D5 /* Frameworks */,
				BC6625D0298FFA0200ED94D5 /* Resources */,
			);
			buildRules = (
			);
			dependencies = (
				BC6625D4298FFA0200ED94D5 /* PBXTargetDependency */,
			);
			name = MyAlbumsUITests;
			productName = MyAlbumsUITests;
			productReference = BC6625D2298FFA0200ED94D5 /* MyAlbumsUITests.xctest */;
			productType = "com.apple.product-type.bundle.ui-testing";
		};
/* End PBXNativeTarget section */

/* Begin PBXProject section */
		BC6625AA298FF9FD00ED94D5 /* Project object */ = {
			isa = PBXProject;
			attributes = {
				BuildIndependentTargetsInParallel = 1;
				LastSwiftUpdateCheck = 1420;
				LastUpgradeCheck = 1420;
				TargetAttributes = {
					BC6625B1298FF9FD00ED94D5 = {
						CreatedOnToolsVersion = 14.2;
					};
					BC6625C7298FFA0100ED94D5 = {
						CreatedOnToolsVersion = 14.2;
						TestTargetID = BC6625B1298FF9FD00ED94D5;
					};
					BC6625D1298FFA0200ED94D5 = {
						CreatedOnToolsVersion = 14.2;
						TestTargetID = BC6625B1298FF9FD00ED94D5;
					};
				};
			};
			buildConfigurationList = BC6625AD298FF9FD00ED94D5 /* Build configuration list for PBXProject "MyAlbums" */;
			compatibilityVersion = "Xcode 14.0";
			developmentRegion = en;
			hasScannedForEncodings = 0;
			knownRegions = (
				en,
				Base,
				ar,
			);
			mainGroup = BC6625A9298FF9FD00ED94D5;
			productRefGroup = BC6625B3298FF9FD00ED94D5 /* Products */;
			projectDirPath = "";
			projectRoot = "";
			targets = (
				BC6625B1298FF9FD00ED94D5 /* MyAlbums */,
				BC6625C7298FFA0100ED94D5 /* MyAlbumsTests */,
				BC6625D1298FFA0200ED94D5 /* MyAlbumsUITests */,
			);
		};
/* End PBXProject section */

/* Begin PBXResourcesBuildPhase section */
		BC6625B0298FF9FD00ED94D5 /* Resources */ = {
			isa = PBXResourcesBuildPhase;
			buildActionMask = 2147483647;
			files = (
				BC6625C2298FFA0000ED94D5 /* LaunchScreen.storyboard in Resources */,
				BC6625FD299025A800ED94D5 /* Localizable.strings in Resources */,
				BC6625BF298FFA0000ED94D5 /* Assets.xcassets in Resources */,
			);
			runOnlyForDeploymentPostprocessing = 0;
		};
		BC6625C6298FFA0100ED94D5 /* Resources */ = {
			isa = PBXResourcesBuildPhase;
			buildActionMask = 2147483647;
			files = (
			);
			runOnlyForDeploymentPostprocessing = 0;
		};
		BC6625D0298FFA0200ED94D5 /* Resources */ = {
			isa = PBXResourcesBuildPhase;
			buildActionMask = 2147483647;
			files = (
			);
			runOnlyForDeploymentPostprocessing = 0;
		};
/* End PBXResourcesBuildPhase section */

/* Begin PBXSourcesBuildPhase section */
		BC6625AE298FF9FD00ED94D5 /* Sources */ = {
			isa = PBXSourcesBuildPhase;
			buildActionMask = 2147483647;
			files = (
				BC66262B2990458200ED94D5 /* UIImage+Ext.swift in Sources */,
				BC66260829902B7D00ED94D5 /* UserDefaultsManagerProtocol.swift in Sources */,
				BC3D267629905D6F00948490 /* ImageViewerViewController.swift in Sources */,
				BC6626292990435700ED94D5 /* SettingsCoordinator.swift in Sources */,
				BC662613299037CB00ED94D5 /* ViewControllersFactory.swift in Sources */,
				BC66260E2990369100ED94D5 /* RootTabBarController.swift in Sources */,
				BCD1AFEA2990774100CFDDD4 /* ProfileTableViewDataSource.swift in Sources */,
				BC6625BA298FF9FD00ED94D5 /* ProfileViewController.swift in Sources */,
				BC6626152990387C00ED94D5 /* ProfileCoordination.swift in Sources */,
				BC3D2679299061B200948490 /* User.swift in Sources */,
				BC3D267429905D4700948490 /* AlbumDetailsViewController.swift in Sources */,
				BC66261B29903AED00ED94D5 /* SettingsViewController.swift in Sources */,
				BC6625F3299015BA00ED94D5 /* ProfileCoordinator.swift in Sources */,
				BCB37D6B2990D58C00D6C671 /* UIView+Ext.swift in Sources */,
				BC66262629903EA600ED94D5 /* ProfileCoordinatorMock.swift in Sources */,
				BC3D267229905B5E00948490 /* ProfileViewModel.swift in Sources */,
				BCB37D632990CE8E00D6C671 /* AlbumDetailsViewModel.swift in Sources */,
				BC66262329903E5000ED94D5 /* SettingsCoordinatorMock.swift in Sources */,
				BC66260C29902C3700ED94D5 /* StorageWrapper.swift in Sources */,
				BC662617299038E600ED94D5 /* SettingsCoordination.swift in Sources */,
				BC66260329902A5D00ED94D5 /* NetworkManager.swift in Sources */,
				BC6625EE2990139F00ED94D5 /* UITextsContainer.swift in Sources */,
				BC6625F12990151900ED94D5 /* Coordinator.swift in Sources */,
				BC662610299036E600ED94D5 /* TabBarCoordinator.swift in Sources */,
				BC6625B6298FF9FD00ED94D5 /* AppDelegate.swift in Sources */,
				BCB37D692990D0AE00D6C671 /* AlbumCollectionViewCell.swift in Sources */,
				BC66260629902B5900ED94D5 /* NetworkingManagerProtocol.swift in Sources */,
				BC6625F92990211800ED94D5 /* UserDefaultsManager.swift in Sources */,
				BCB37D652990D01300D6C671 /* AlbumDetailsCollectionViewDataSource.swift in Sources */,
				BC66261D29903BAE00ED94D5 /* SwiftUIPreview.swift in Sources */,
				BC6625EB2990131F00ED94D5 /* String+Ext.swift in Sources */,
				BC3D267D2990646500948490 /* Address.swift in Sources */,
				BC6625F62990206800ED94D5 /* DependencyContainer.swift in Sources */,
				BC6625B8298FF9FD00ED94D5 /* SceneDelegate.swift in Sources */,
				BC66262029903CE900ED94D5 /* MainViewControllersFactory.swift in Sources */,
				BC3D267B299061C900948490 /* Album.swift in Sources */,
				BCD1AFE62990695000CFDDD4 /* ProfileHeader.swift in Sources */,
			);
			runOnlyForDeploymentPostprocessing = 0;
		};
		BC6625C4298FFA0100ED94D5 /* Sources */ = {
			isa = PBXSourcesBuildPhase;
			buildActionMask = 2147483647;
			files = (
				BC6625CD298FFA0100ED94D5 /* MyAlbumsTests.swift in Sources */,
			);
			runOnlyForDeploymentPostprocessing = 0;
		};
		BC6625CE298FFA0200ED94D5 /* Sources */ = {
			isa = PBXSourcesBuildPhase;
			buildActionMask = 2147483647;
			files = (
				BC6625D9298FFA0200ED94D5 /* MyAlbumsUITestsLaunchTests.swift in Sources */,
				BC6625D7298FFA0200ED94D5 /* MyAlbumsUITests.swift in Sources */,
			);
			runOnlyForDeploymentPostprocessing = 0;
		};
/* End PBXSourcesBuildPhase section */

/* Begin PBXTargetDependency section */
		BC6625CA298FFA0100ED94D5 /* PBXTargetDependency */ = {
			isa = PBXTargetDependency;
			target = BC6625B1298FF9FD00ED94D5 /* MyAlbums */;
			targetProxy = BC6625C9298FFA0100ED94D5 /* PBXContainerItemProxy */;
		};
		BC6625D4298FFA0200ED94D5 /* PBXTargetDependency */ = {
			isa = PBXTargetDependency;
			target = BC6625B1298FF9FD00ED94D5 /* MyAlbums */;
			targetProxy = BC6625D3298FFA0200ED94D5 /* PBXContainerItemProxy */;
		};
/* End PBXTargetDependency section */

/* Begin PBXVariantGroup section */
		BC6625C0298FFA0000ED94D5 /* LaunchScreen.storyboard */ = {
			isa = PBXVariantGroup;
			children = (
				BC6625C1298FFA0000ED94D5 /* Base */,
				BC6625FA2990243D00ED94D5 /* ar */,
			);
			name = LaunchScreen.storyboard;
			sourceTree = "<group>";
		};
		BC6625FF299025A800ED94D5 /* Localizable.strings */ = {
			isa = PBXVariantGroup;
			children = (
				BC6625FE299025A800ED94D5 /* en */,
				BC662600299025AB00ED94D5 /* ar */,
			);
			name = Localizable.strings;
			sourceTree = "<group>";
		};
/* End PBXVariantGroup section */

/* Begin XCBuildConfiguration section */
		BC6625DA298FFA0200ED94D5 /* Debug */ = {
			isa = XCBuildConfiguration;
			buildSettings = {
				ALWAYS_SEARCH_USER_PATHS = NO;
				CLANG_ANALYZER_LOCALIZABILITY_NONLOCALIZED = YES;
				CLANG_ANALYZER_NONNULL = YES;
				CLANG_ANALYZER_NUMBER_OBJECT_CONVERSION = YES_AGGRESSIVE;
				CLANG_CXX_LANGUAGE_STANDARD = "gnu++20";
				CLANG_ENABLE_MODULES = YES;
				CLANG_ENABLE_OBJC_ARC = YES;
				CLANG_ENABLE_OBJC_WEAK = YES;
				CLANG_WARN_BLOCK_CAPTURE_AUTORELEASING = YES;
				CLANG_WARN_BOOL_CONVERSION = YES;
				CLANG_WARN_COMMA = YES;
				CLANG_WARN_CONSTANT_CONVERSION = YES;
				CLANG_WARN_DEPRECATED_OBJC_IMPLEMENTATIONS = YES;
				CLANG_WARN_DIRECT_OBJC_ISA_USAGE = YES_ERROR;
				CLANG_WARN_DOCUMENTATION_COMMENTS = YES;
				CLANG_WARN_EMPTY_BODY = YES;
				CLANG_WARN_ENUM_CONVERSION = YES;
				CLANG_WARN_INFINITE_RECURSION = YES;
				CLANG_WARN_INT_CONVERSION = YES;
				CLANG_WARN_NON_LITERAL_NULL_CONVERSION = YES;
				CLANG_WARN_OBJC_IMPLICIT_RETAIN_SELF = YES;
				CLANG_WARN_OBJC_LITERAL_CONVERSION = YES;
				CLANG_WARN_OBJC_ROOT_CLASS = YES_ERROR;
				CLANG_WARN_QUOTED_INCLUDE_IN_FRAMEWORK_HEADER = YES;
				CLANG_WARN_RANGE_LOOP_ANALYSIS = YES;
				CLANG_WARN_STRICT_PROTOTYPES = YES;
				CLANG_WARN_SUSPICIOUS_MOVE = YES;
				CLANG_WARN_UNGUARDED_AVAILABILITY = YES_AGGRESSIVE;
				CLANG_WARN_UNREACHABLE_CODE = YES;
				CLANG_WARN__DUPLICATE_METHOD_MATCH = YES;
				COPY_PHASE_STRIP = NO;
				DEBUG_INFORMATION_FORMAT = dwarf;
				ENABLE_STRICT_OBJC_MSGSEND = YES;
				ENABLE_TESTABILITY = YES;
				GCC_C_LANGUAGE_STANDARD = gnu11;
				GCC_DYNAMIC_NO_PIC = NO;
				GCC_NO_COMMON_BLOCKS = YES;
				GCC_OPTIMIZATION_LEVEL = 0;
				GCC_PREPROCESSOR_DEFINITIONS = (
					"DEBUG=1",
					"$(inherited)",
				);
				GCC_WARN_64_TO_32_BIT_CONVERSION = YES;
				GCC_WARN_ABOUT_RETURN_TYPE = YES_ERROR;
				GCC_WARN_UNDECLARED_SELECTOR = YES;
				GCC_WARN_UNINITIALIZED_AUTOS = YES_AGGRESSIVE;
				GCC_WARN_UNUSED_FUNCTION = YES;
				GCC_WARN_UNUSED_VARIABLE = YES;
				IPHONEOS_DEPLOYMENT_TARGET = 13.0;
				MTL_ENABLE_DEBUG_INFO = INCLUDE_SOURCE;
				MTL_FAST_MATH = YES;
				ONLY_ACTIVE_ARCH = YES;
				SDKROOT = iphoneos;
				SWIFT_ACTIVE_COMPILATION_CONDITIONS = DEBUG;
				SWIFT_OPTIMIZATION_LEVEL = "-Onone";
			};
			name = Debug;
		};
		BC6625DB298FFA0200ED94D5 /* Release */ = {
			isa = XCBuildConfiguration;
			buildSettings = {
				ALWAYS_SEARCH_USER_PATHS = NO;
				CLANG_ANALYZER_LOCALIZABILITY_NONLOCALIZED = YES;
				CLANG_ANALYZER_NONNULL = YES;
				CLANG_ANALYZER_NUMBER_OBJECT_CONVERSION = YES_AGGRESSIVE;
				CLANG_CXX_LANGUAGE_STANDARD = "gnu++20";
				CLANG_ENABLE_MODULES = YES;
				CLANG_ENABLE_OBJC_ARC = YES;
				CLANG_ENABLE_OBJC_WEAK = YES;
				CLANG_WARN_BLOCK_CAPTURE_AUTORELEASING = YES;
				CLANG_WARN_BOOL_CONVERSION = YES;
				CLANG_WARN_COMMA = YES;
				CLANG_WARN_CONSTANT_CONVERSION = YES;
				CLANG_WARN_DEPRECATED_OBJC_IMPLEMENTATIONS = YES;
				CLANG_WARN_DIRECT_OBJC_ISA_USAGE = YES_ERROR;
				CLANG_WARN_DOCUMENTATION_COMMENTS = YES;
				CLANG_WARN_EMPTY_BODY = YES;
				CLANG_WARN_ENUM_CONVERSION = YES;
				CLANG_WARN_INFINITE_RECURSION = YES;
				CLANG_WARN_INT_CONVERSION = YES;
				CLANG_WARN_NON_LITERAL_NULL_CONVERSION = YES;
				CLANG_WARN_OBJC_IMPLICIT_RETAIN_SELF = YES;
				CLANG_WARN_OBJC_LITERAL_CONVERSION = YES;
				CLANG_WARN_OBJC_ROOT_CLASS = YES_ERROR;
				CLANG_WARN_QUOTED_INCLUDE_IN_FRAMEWORK_HEADER = YES;
				CLANG_WARN_RANGE_LOOP_ANALYSIS = YES;
				CLANG_WARN_STRICT_PROTOTYPES = YES;
				CLANG_WARN_SUSPICIOUS_MOVE = YES;
				CLANG_WARN_UNGUARDED_AVAILABILITY = YES_AGGRESSIVE;
				CLANG_WARN_UNREACHABLE_CODE = YES;
				CLANG_WARN__DUPLICATE_METHOD_MATCH = YES;
				COPY_PHASE_STRIP = NO;
				DEBUG_INFORMATION_FORMAT = "dwarf-with-dsym";
				ENABLE_NS_ASSERTIONS = NO;
				ENABLE_STRICT_OBJC_MSGSEND = YES;
				GCC_C_LANGUAGE_STANDARD = gnu11;
				GCC_NO_COMMON_BLOCKS = YES;
				GCC_WARN_64_TO_32_BIT_CONVERSION = YES;
				GCC_WARN_ABOUT_RETURN_TYPE = YES_ERROR;
				GCC_WARN_UNDECLARED_SELECTOR = YES;
				GCC_WARN_UNINITIALIZED_AUTOS = YES_AGGRESSIVE;
				GCC_WARN_UNUSED_FUNCTION = YES;
				GCC_WARN_UNUSED_VARIABLE = YES;
				IPHONEOS_DEPLOYMENT_TARGET = 13.0;
				MTL_ENABLE_DEBUG_INFO = NO;
				MTL_FAST_MATH = YES;
				SDKROOT = iphoneos;
				SWIFT_COMPILATION_MODE = wholemodule;
				SWIFT_OPTIMIZATION_LEVEL = "-O";
				VALIDATE_PRODUCT = YES;
			};
			name = Release;
		};
		BC6625DD298FFA0200ED94D5 /* Debug */ = {
			isa = XCBuildConfiguration;
			buildSettings = {
				ASSETCATALOG_COMPILER_APPICON_NAME = AppIcon;
				ASSETCATALOG_COMPILER_GLOBAL_ACCENT_COLOR_NAME = AccentColor;
				CODE_SIGN_STYLE = Automatic;
				CURRENT_PROJECT_VERSION = 1;
				DEVELOPMENT_TEAM = MG2N6H9TP7;
				GENERATE_INFOPLIST_FILE = YES;
				INFOPLIST_FILE = MyAlbums/Support/Info.plist;
				INFOPLIST_KEY_UIApplicationSupportsIndirectInputEvents = YES;
				INFOPLIST_KEY_UILaunchStoryboardName = LaunchScreen.storyboard;
				INFOPLIST_KEY_UIMainStoryboardFile = "";
				INFOPLIST_KEY_UISupportedInterfaceOrientations_iPad = "UIInterfaceOrientationPortrait UIInterfaceOrientationPortraitUpsideDown UIInterfaceOrientationLandscapeLeft UIInterfaceOrientationLandscapeRight";
				INFOPLIST_KEY_UISupportedInterfaceOrientations_iPhone = "UIInterfaceOrientationPortrait UIInterfaceOrientationLandscapeLeft UIInterfaceOrientationLandscapeRight";
				IPHONEOS_DEPLOYMENT_TARGET = 13.0;
				LD_RUNPATH_SEARCH_PATHS = (
					"$(inherited)",
					"@executable_path/Frameworks",
				);
				MARKETING_VERSION = 1.0;
				PRODUCT_BUNDLE_IDENTIFIER = com.AbdlrhmanElmhdy.MyAlbums;
				PRODUCT_NAME = "$(TARGET_NAME)";
				SWIFT_EMIT_LOC_STRINGS = YES;
				SWIFT_VERSION = 5.0;
				TARGETED_DEVICE_FAMILY = "1,2";
			};
			name = Debug;
		};
		BC6625DE298FFA0200ED94D5 /* Release */ = {
			isa = XCBuildConfiguration;
			buildSettings = {
				ASSETCATALOG_COMPILER_APPICON_NAME = AppIcon;
				ASSETCATALOG_COMPILER_GLOBAL_ACCENT_COLOR_NAME = AccentColor;
				CODE_SIGN_STYLE = Automatic;
				CURRENT_PROJECT_VERSION = 1;
				DEVELOPMENT_TEAM = MG2N6H9TP7;
				GENERATE_INFOPLIST_FILE = YES;
				INFOPLIST_FILE = MyAlbums/Support/Info.plist;
				INFOPLIST_KEY_UIApplicationSupportsIndirectInputEvents = YES;
				INFOPLIST_KEY_UILaunchStoryboardName = LaunchScreen.storyboard;
				INFOPLIST_KEY_UIMainStoryboardFile = "";
				INFOPLIST_KEY_UISupportedInterfaceOrientations_iPad = "UIInterfaceOrientationPortrait UIInterfaceOrientationPortraitUpsideDown UIInterfaceOrientationLandscapeLeft UIInterfaceOrientationLandscapeRight";
				INFOPLIST_KEY_UISupportedInterfaceOrientations_iPhone = "UIInterfaceOrientationPortrait UIInterfaceOrientationLandscapeLeft UIInterfaceOrientationLandscapeRight";
				IPHONEOS_DEPLOYMENT_TARGET = 13.0;
				LD_RUNPATH_SEARCH_PATHS = (
					"$(inherited)",
					"@executable_path/Frameworks",
				);
				MARKETING_VERSION = 1.0;
				PRODUCT_BUNDLE_IDENTIFIER = com.AbdlrhmanElmhdy.MyAlbums;
				PRODUCT_NAME = "$(TARGET_NAME)";
				SWIFT_EMIT_LOC_STRINGS = YES;
				SWIFT_VERSION = 5.0;
				TARGETED_DEVICE_FAMILY = "1,2";
			};
			name = Release;
		};
		BC6625E0298FFA0200ED94D5 /* Debug */ = {
			isa = XCBuildConfiguration;
			buildSettings = {
				ALWAYS_EMBED_SWIFT_STANDARD_LIBRARIES = YES;
				BUNDLE_LOADER = "$(TEST_HOST)";
				CODE_SIGN_STYLE = Automatic;
				CURRENT_PROJECT_VERSION = 1;
				DEVELOPMENT_TEAM = MG2N6H9TP7;
				GENERATE_INFOPLIST_FILE = YES;
				IPHONEOS_DEPLOYMENT_TARGET = 13.0;
				MARKETING_VERSION = 1.0;
				PRODUCT_BUNDLE_IDENTIFIER = com.AbdlrhmanElmhdy.MyAlbumsTests;
				PRODUCT_NAME = "$(TARGET_NAME)";
				SWIFT_EMIT_LOC_STRINGS = NO;
				SWIFT_VERSION = 5.0;
				TARGETED_DEVICE_FAMILY = "1,2";
				TEST_HOST = "$(BUILT_PRODUCTS_DIR)/MyAlbums.app/$(BUNDLE_EXECUTABLE_FOLDER_PATH)/MyAlbums";
			};
			name = Debug;
		};
		BC6625E1298FFA0200ED94D5 /* Release */ = {
			isa = XCBuildConfiguration;
			buildSettings = {
				ALWAYS_EMBED_SWIFT_STANDARD_LIBRARIES = YES;
				BUNDLE_LOADER = "$(TEST_HOST)";
				CODE_SIGN_STYLE = Automatic;
				CURRENT_PROJECT_VERSION = 1;
				DEVELOPMENT_TEAM = MG2N6H9TP7;
				GENERATE_INFOPLIST_FILE = YES;
				IPHONEOS_DEPLOYMENT_TARGET = 13.0;
				MARKETING_VERSION = 1.0;
				PRODUCT_BUNDLE_IDENTIFIER = com.AbdlrhmanElmhdy.MyAlbumsTests;
				PRODUCT_NAME = "$(TARGET_NAME)";
				SWIFT_EMIT_LOC_STRINGS = NO;
				SWIFT_VERSION = 5.0;
				TARGETED_DEVICE_FAMILY = "1,2";
				TEST_HOST = "$(BUILT_PRODUCTS_DIR)/MyAlbums.app/$(BUNDLE_EXECUTABLE_FOLDER_PATH)/MyAlbums";
			};
			name = Release;
		};
		BC6625E3298FFA0200ED94D5 /* Debug */ = {
			isa = XCBuildConfiguration;
			buildSettings = {
				ALWAYS_EMBED_SWIFT_STANDARD_LIBRARIES = YES;
				CODE_SIGN_STYLE = Automatic;
				CURRENT_PROJECT_VERSION = 1;
				DEVELOPMENT_TEAM = MG2N6H9TP7;
				GENERATE_INFOPLIST_FILE = YES;
				MARKETING_VERSION = 1.0;
				PRODUCT_BUNDLE_IDENTIFIER = com.AbdlrhmanElmhdy.MyAlbumsUITests;
				PRODUCT_NAME = "$(TARGET_NAME)";
				SWIFT_EMIT_LOC_STRINGS = NO;
				SWIFT_VERSION = 5.0;
				TARGETED_DEVICE_FAMILY = "1,2";
				TEST_TARGET_NAME = MyAlbums;
			};
			name = Debug;
		};
		BC6625E4298FFA0200ED94D5 /* Release */ = {
			isa = XCBuildConfiguration;
			buildSettings = {
				ALWAYS_EMBED_SWIFT_STANDARD_LIBRARIES = YES;
				CODE_SIGN_STYLE = Automatic;
				CURRENT_PROJECT_VERSION = 1;
				DEVELOPMENT_TEAM = MG2N6H9TP7;
				GENERATE_INFOPLIST_FILE = YES;
				MARKETING_VERSION = 1.0;
				PRODUCT_BUNDLE_IDENTIFIER = com.AbdlrhmanElmhdy.MyAlbumsUITests;
				PRODUCT_NAME = "$(TARGET_NAME)";
				SWIFT_EMIT_LOC_STRINGS = NO;
				SWIFT_VERSION = 5.0;
				TARGETED_DEVICE_FAMILY = "1,2";
				TEST_TARGET_NAME = MyAlbums;
			};
			name = Release;
		};
/* End XCBuildConfiguration section */

/* Begin XCConfigurationList section */
		BC6625AD298FF9FD00ED94D5 /* Build configuration list for PBXProject "MyAlbums" */ = {
			isa = XCConfigurationList;
			buildConfigurations = (
				BC6625DA298FFA0200ED94D5 /* Debug */,
				BC6625DB298FFA0200ED94D5 /* Release */,
			);
			defaultConfigurationIsVisible = 0;
			defaultConfigurationName = Release;
		};
		BC6625DC298FFA0200ED94D5 /* Build configuration list for PBXNativeTarget "MyAlbums" */ = {
			isa = XCConfigurationList;
			buildConfigurations = (
				BC6625DD298FFA0200ED94D5 /* Debug */,
				BC6625DE298FFA0200ED94D5 /* Release */,
			);
			defaultConfigurationIsVisible = 0;
			defaultConfigurationName = Release;
		};
		BC6625DF298FFA0200ED94D5 /* Build configuration list for PBXNativeTarget "MyAlbumsTests" */ = {
			isa = XCConfigurationList;
			buildConfigurations = (
				BC6625E0298FFA0200ED94D5 /* Debug */,
				BC6625E1298FFA0200ED94D5 /* Release */,
			);
			defaultConfigurationIsVisible = 0;
			defaultConfigurationName = Release;
		};
		BC6625E2298FFA0200ED94D5 /* Build configuration list for PBXNativeTarget "MyAlbumsUITests" */ = {
			isa = XCConfigurationList;
			buildConfigurations = (
				BC6625E3298FFA0200ED94D5 /* Debug */,
				BC6625E4298FFA0200ED94D5 /* Release */,
			);
			defaultConfigurationIsVisible = 0;
			defaultConfigurationName = Release;
		};
/* End XCConfigurationList section */
	};
	rootObject = BC6625AA298FF9FD00ED94D5 /* Project object */;
}
