// !$*UTF8*$!
{
	archiveVersion = 1;
	classes = {
	};
	objectVersion = 56;
	objects = {

/* Begin PBXBuildFile section */
		BC2F302B2994B52200137833 /* NetworkManagerFactory.swift in Sources */ = {isa = PBXBuildFile; fileRef = BC2F302A2994B52200137833 /* NetworkManagerFactory.swift */; };
		BC2F302E2994BAA100137833 /* CombineMoya in Frameworks */ = {isa = PBXBuildFile; productRef = BC2F302D2994BAA100137833 /* CombineMoya */; };
		BC2F30302994BAA100137833 /* Moya in Frameworks */ = {isa = PBXBuildFile; productRef = BC2F302F2994BAA100137833 /* Moya */; };
		BC2F30322994BAA100137833 /* ReactiveMoya in Frameworks */ = {isa = PBXBuildFile; productRef = BC2F30312994BAA100137833 /* ReactiveMoya */; };
		BC2F30342994BAA100137833 /* RxMoya in Frameworks */ = {isa = PBXBuildFile; productRef = BC2F30332994BAA100137833 /* RxMoya */; };
		BC2F30362994BAA100137833 /* CombineCocoa in Frameworks */ = {isa = PBXBuildFile; productRef = BC2F30352994BAA100137833 /* CombineCocoa */; };
		BC2F30382994BAA100137833 /* ShimmerSwift in Frameworks */ = {isa = PBXBuildFile; productRef = BC2F30372994BAA100137833 /* ShimmerSwift */; };
		BC2F303A2994C0E800137833 /* SampleUserResponse.json in Resources */ = {isa = PBXBuildFile; fileRef = BC2F30392994C0E800137833 /* SampleUserResponse.json */; };
		BC2F303B2994C0E800137833 /* SampleUserResponse.json in Resources */ = {isa = PBXBuildFile; fileRef = BC2F30392994C0E800137833 /* SampleUserResponse.json */; };
		BC2F303C2994C0E800137833 /* SampleUserResponse.json in Resources */ = {isa = PBXBuildFile; fileRef = BC2F30392994C0E800137833 /* SampleUserResponse.json */; };
		BC2F303F2994C19F00137833 /* SampleAlbumPhotosResponse.json in Resources */ = {isa = PBXBuildFile; fileRef = BC2F303D2994C19E00137833 /* SampleAlbumPhotosResponse.json */; };
		BC2F30402994C1A000137833 /* SampleAlbumPhotosResponse.json in Resources */ = {isa = PBXBuildFile; fileRef = BC2F303D2994C19E00137833 /* SampleAlbumPhotosResponse.json */; };
		BC2F30412994C1A000137833 /* SampleAlbumPhotosResponse.json in Resources */ = {isa = PBXBuildFile; fileRef = BC2F303D2994C19E00137833 /* SampleAlbumPhotosResponse.json */; };
		BC2F30422994C1A000137833 /* SampleUserAlbumsResponse.json in Resources */ = {isa = PBXBuildFile; fileRef = BC2F303E2994C19F00137833 /* SampleUserAlbumsResponse.json */; };
		BC2F30432994C1A000137833 /* SampleUserAlbumsResponse.json in Resources */ = {isa = PBXBuildFile; fileRef = BC2F303E2994C19F00137833 /* SampleUserAlbumsResponse.json */; };
		BC2F30442994C1A000137833 /* SampleUserAlbumsResponse.json in Resources */ = {isa = PBXBuildFile; fileRef = BC2F303E2994C19F00137833 /* SampleUserAlbumsResponse.json */; };
		BC3D267229905B5E00948490 /* ProfileViewModel.swift in Sources */ = {isa = PBXBuildFile; fileRef = BC3D267129905B5E00948490 /* ProfileViewModel.swift */; };
		BC3D267429905D4700948490 /* AlbumDetailsViewController.swift in Sources */ = {isa = PBXBuildFile; fileRef = BC3D267329905D4700948490 /* AlbumDetailsViewController.swift */; };
		BC3D267629905D6F00948490 /* PhotoDetailsViewController.swift in Sources */ = {isa = PBXBuildFile; fileRef = BC3D267529905D6F00948490 /* PhotoDetailsViewController.swift */; };
		BC3D2679299061B200948490 /* User.swift in Sources */ = {isa = PBXBuildFile; fileRef = BC3D2678299061B200948490 /* User.swift */; };
		BC3D267B299061C900948490 /* Album.swift in Sources */ = {isa = PBXBuildFile; fileRef = BC3D267A299061C900948490 /* Album.swift */; };
		BC3D267D2990646500948490 /* Address.swift in Sources */ = {isa = PBXBuildFile; fileRef = BC3D267C2990646500948490 /* Address.swift */; };
		BC523D07299382D900EA9EAF /* ErrorManager.swift in Sources */ = {isa = PBXBuildFile; fileRef = BC523D06299382D900EA9EAF /* ErrorManager.swift */; };
		BC523D092993863800EA9EAF /* SettingsOption.swift in Sources */ = {isa = PBXBuildFile; fileRef = BC523D082993863800EA9EAF /* SettingsOption.swift */; };
		BC523D0C299386CD00EA9EAF /* SettingsViewController+Actions.swift in Sources */ = {isa = PBXBuildFile; fileRef = BC523D0A299386CD00EA9EAF /* SettingsViewController+Actions.swift */; };
		BC523D0D299386CD00EA9EAF /* SettingsViewController.swift in Sources */ = {isa = PBXBuildFile; fileRef = BC523D0B299386CD00EA9EAF /* SettingsViewController.swift */; };
		BC523D0F2993873500EA9EAF /* SettingsViewModel.swift in Sources */ = {isa = PBXBuildFile; fileRef = BC523D0E2993873500EA9EAF /* SettingsViewModel.swift */; };
		BC523D112993875100EA9EAF /* SettingsViewControllerProtocol.swift in Sources */ = {isa = PBXBuildFile; fileRef = BC523D102993875100EA9EAF /* SettingsViewControllerProtocol.swift */; };
		BC523D13299387C200EA9EAF /* SettingsDataSource.swift in Sources */ = {isa = PBXBuildFile; fileRef = BC523D12299387C200EA9EAF /* SettingsDataSource.swift */; };
		BC523D152993883400EA9EAF /* SettingsSectionsFactory.swift in Sources */ = {isa = PBXBuildFile; fileRef = BC523D142993883400EA9EAF /* SettingsSectionsFactory.swift */; };
		BC523D172993894000EA9EAF /* UserPreferencesService.swift in Sources */ = {isa = PBXBuildFile; fileRef = BC523D162993893F00EA9EAF /* UserPreferencesService.swift */; };
		BC523D192993897F00EA9EAF /* UserPreferencesServiceProtocol.swift in Sources */ = {isa = PBXBuildFile; fileRef = BC523D182993897F00EA9EAF /* UserPreferencesServiceProtocol.swift */; };
		BC523D1C299389F100EA9EAF /* SourceryProtocols.swift in Sources */ = {isa = PBXBuildFile; fileRef = BC523D1B299389F100EA9EAF /* SourceryProtocols.swift */; };
		BC523D1F29938AA500EA9EAF /* UserPreferences.swift in Sources */ = {isa = PBXBuildFile; fileRef = BC523D1E29938AA500EA9EAF /* UserPreferences.swift */; };
		BC523D2129938BD300EA9EAF /* UserDefaultsManagerFactory.swift in Sources */ = {isa = PBXBuildFile; fileRef = BC523D2029938BD300EA9EAF /* UserDefaultsManagerFactory.swift */; };
		BC523D2329938BF800EA9EAF /* ENV.swift in Sources */ = {isa = PBXBuildFile; fileRef = BC523D2229938BF800EA9EAF /* ENV.swift */; };
		BC523D2529938C3200EA9EAF /* EnvironmentVariableNamesContainer.swift in Sources */ = {isa = PBXBuildFile; fileRef = BC523D2429938C3200EA9EAF /* EnvironmentVariableNamesContainer.swift */; };
		BC523D2729938D5700EA9EAF /* UINavigationController+Ext.swift in Sources */ = {isa = PBXBuildFile; fileRef = BC523D2629938D5700EA9EAF /* UINavigationController+Ext.swift */; };
		BC523D2929938F9300EA9EAF /* UserDefaultsManagerMock.swift in Sources */ = {isa = PBXBuildFile; fileRef = BC523D2829938F9300EA9EAF /* UserDefaultsManagerMock.swift */; };
		BC523D2C2993ACB200EA9EAF /* NetworkManagerMock.swift in Sources */ = {isa = PBXBuildFile; fileRef = BC523D2B2993ACB200EA9EAF /* NetworkManagerMock.swift */; };
		BC6625B6298FF9FD00ED94D5 /* AppDelegate.swift in Sources */ = {isa = PBXBuildFile; fileRef = BC6625B5298FF9FD00ED94D5 /* AppDelegate.swift */; };
		BC6625B8298FF9FD00ED94D5 /* SceneDelegate.swift in Sources */ = {isa = PBXBuildFile; fileRef = BC6625B7298FF9FD00ED94D5 /* SceneDelegate.swift */; };
		BC6625BA298FF9FD00ED94D5 /* ProfileViewController.swift in Sources */ = {isa = PBXBuildFile; fileRef = BC6625B9298FF9FD00ED94D5 /* ProfileViewController.swift */; };
		BC6625BF298FFA0000ED94D5 /* Assets.xcassets in Resources */ = {isa = PBXBuildFile; fileRef = BC6625BE298FFA0000ED94D5 /* Assets.xcassets */; };
		BC6625C2298FFA0000ED94D5 /* LaunchScreen.storyboard in Resources */ = {isa = PBXBuildFile; fileRef = BC6625C0298FFA0000ED94D5 /* LaunchScreen.storyboard */; };
		BC6625CD298FFA0100ED94D5 /* NetworkManagerTests.swift in Sources */ = {isa = PBXBuildFile; fileRef = BC6625CC298FFA0100ED94D5 /* NetworkManagerTests.swift */; };
		BC6625D7298FFA0200ED94D5 /* MyAlbumsUITests.swift in Sources */ = {isa = PBXBuildFile; fileRef = BC6625D6298FFA0200ED94D5 /* MyAlbumsUITests.swift */; };
		BC6625D9298FFA0200ED94D5 /* MyAlbumsUITestsLaunchTests.swift in Sources */ = {isa = PBXBuildFile; fileRef = BC6625D8298FFA0200ED94D5 /* MyAlbumsUITestsLaunchTests.swift */; };
		BC6625EB2990131F00ED94D5 /* String+Ext.swift in Sources */ = {isa = PBXBuildFile; fileRef = BC6625EA2990131F00ED94D5 /* String+Ext.swift */; };
		BC6625EE2990139F00ED94D5 /* UITextsContainer.swift in Sources */ = {isa = PBXBuildFile; fileRef = BC6625ED2990139F00ED94D5 /* UITextsContainer.swift */; };
		BC6625F12990151900ED94D5 /* Coordinator.swift in Sources */ = {isa = PBXBuildFile; fileRef = BC6625F02990151900ED94D5 /* Coordinator.swift */; };
		BC6625F3299015BA00ED94D5 /* ProfileStackCoordinatorMock.swift in Sources */ = {isa = PBXBuildFile; fileRef = BC6625F2299015BA00ED94D5 /* ProfileStackCoordinatorMock.swift */; };
		BC6625F62990206800ED94D5 /* DependencyContainer.swift in Sources */ = {isa = PBXBuildFile; fileRef = BC6625F52990206800ED94D5 /* DependencyContainer.swift */; };
		BC6625F92990211800ED94D5 /* UserDefaultsManager.swift in Sources */ = {isa = PBXBuildFile; fileRef = BC6625F82990211800ED94D5 /* UserDefaultsManager.swift */; };
		BC6625FD299025A800ED94D5 /* Localizable.strings in Resources */ = {isa = PBXBuildFile; fileRef = BC6625FF299025A800ED94D5 /* Localizable.strings */; };
		BC66260329902A5D00ED94D5 /* NetworkManager.swift in Sources */ = {isa = PBXBuildFile; fileRef = BC66260229902A5D00ED94D5 /* NetworkManager.swift */; };
		BC66260629902B5900ED94D5 /* NetworkManagerProtocol.swift in Sources */ = {isa = PBXBuildFile; fileRef = BC66260529902B5900ED94D5 /* NetworkManagerProtocol.swift */; };
		BC66260829902B7D00ED94D5 /* UserDefaultsManagerProtocol.swift in Sources */ = {isa = PBXBuildFile; fileRef = BC66260729902B7D00ED94D5 /* UserDefaultsManagerProtocol.swift */; };
		BC66260C29902C3700ED94D5 /* StorageWrapper.swift in Sources */ = {isa = PBXBuildFile; fileRef = BC66260B29902C3700ED94D5 /* StorageWrapper.swift */; };
		BC66260E2990369100ED94D5 /* RootTabBarController.swift in Sources */ = {isa = PBXBuildFile; fileRef = BC66260D2990369100ED94D5 /* RootTabBarController.swift */; };
		BC662610299036E600ED94D5 /* TabBarCoordinator.swift in Sources */ = {isa = PBXBuildFile; fileRef = BC66260F299036E600ED94D5 /* TabBarCoordinator.swift */; };
		BC662613299037CB00ED94D5 /* ViewControllersFactory.swift in Sources */ = {isa = PBXBuildFile; fileRef = BC662612299037CB00ED94D5 /* ViewControllersFactory.swift */; };
		BC6626152990387C00ED94D5 /* ProfileStackCoordination.swift in Sources */ = {isa = PBXBuildFile; fileRef = BC6626142990387C00ED94D5 /* ProfileStackCoordination.swift */; };
		BC662617299038E600ED94D5 /* SettingsStackCoordination.swift in Sources */ = {isa = PBXBuildFile; fileRef = BC662616299038E600ED94D5 /* SettingsStackCoordination.swift */; };
		BC66261D29903BAE00ED94D5 /* SwiftUIPreview.swift in Sources */ = {isa = PBXBuildFile; fileRef = BC66261C29903BAE00ED94D5 /* SwiftUIPreview.swift */; };
		BC66262029903CE900ED94D5 /* MainViewControllersFactory.swift in Sources */ = {isa = PBXBuildFile; fileRef = BC66261F29903CE900ED94D5 /* MainViewControllersFactory.swift */; };
		BC66262329903E5000ED94D5 /* SettingsCoordinatorMock.swift in Sources */ = {isa = PBXBuildFile; fileRef = BC66262229903E5000ED94D5 /* SettingsCoordinatorMock.swift */; };
		BC66262629903EA600ED94D5 /* ProfileCoordinatorMock.swift in Sources */ = {isa = PBXBuildFile; fileRef = BC66262529903EA500ED94D5 /* ProfileCoordinatorMock.swift */; };
		BC6626292990435700ED94D5 /* SettingsStackCoordinator.swift in Sources */ = {isa = PBXBuildFile; fileRef = BC6626282990435700ED94D5 /* SettingsStackCoordinator.swift */; };
		BC66262B2990458200ED94D5 /* UIImage+Ext.swift in Sources */ = {isa = PBXBuildFile; fileRef = BC66262A2990458200ED94D5 /* UIImage+Ext.swift */; };
		BCA8B741299258940062C3E5 /* ToastView.swift in Sources */ = {isa = PBXBuildFile; fileRef = BCA8B740299258940062C3E5 /* ToastView.swift */; };
		BCA8B7432992614C0062C3E5 /* PresentsToast.swift in Sources */ = {isa = PBXBuildFile; fileRef = BCA8B7422992614C0062C3E5 /* PresentsToast.swift */; };
		BCA8B745299261670062C3E5 /* UIColor+Ext.swift in Sources */ = {isa = PBXBuildFile; fileRef = BCA8B744299261670062C3E5 /* UIColor+Ext.swift */; };
		BCA8B747299261870062C3E5 /* ColorNamesContainer.swift in Sources */ = {isa = PBXBuildFile; fileRef = BCA8B746299261870062C3E5 /* ColorNamesContainer.swift */; };
		BCA8B74929930D400062C3E5 /* ToastDelegate.swift in Sources */ = {isa = PBXBuildFile; fileRef = BCA8B74829930D3F0062C3E5 /* ToastDelegate.swift */; };
		BCAE07792994C33300C199D3 /* ColorNamesContainer.swift in Sources */ = {isa = PBXBuildFile; fileRef = BCA8B746299261870062C3E5 /* ColorNamesContainer.swift */; };
		BCAE077A2994C33300C199D3 /* UITextsContainer.swift in Sources */ = {isa = PBXBuildFile; fileRef = BC6625ED2990139F00ED94D5 /* UITextsContainer.swift */; };
		BCAE077B2994C33300C199D3 /* EnvironmentVariableNamesContainer.swift in Sources */ = {isa = PBXBuildFile; fileRef = BC523D2429938C3200EA9EAF /* EnvironmentVariableNamesContainer.swift */; };
		BCAE077C2994C33300C199D3 /* ErrorTextsContainer.swift in Sources */ = {isa = PBXBuildFile; fileRef = BCB37DC82991EF1200D6C671 /* ErrorTextsContainer.swift */; };
		BCAE07812994C4D000C199D3 /* JSONFileLoader.swift in Sources */ = {isa = PBXBuildFile; fileRef = BCAE07802994C4D000C199D3 /* JSONFileLoader.swift */; };
		BCAE07832994C6E700C199D3 /* FileNamesContainer.swift in Sources */ = {isa = PBXBuildFile; fileRef = BCAE07822994C6E700C199D3 /* FileNamesContainer.swift */; };
		BCAE07842994C7BD00C199D3 /* FileNamesContainer.swift in Sources */ = {isa = PBXBuildFile; fileRef = BCAE07822994C6E700C199D3 /* FileNamesContainer.swift */; };
		BCAE07852994C7C500C199D3 /* String+Ext.swift in Sources */ = {isa = PBXBuildFile; fileRef = BC6625EA2990131F00ED94D5 /* String+Ext.swift */; };
		BCAE07872994D50600C199D3 /* UserServiceTests.swift in Sources */ = {isa = PBXBuildFile; fileRef = BCAE07862994D50600C199D3 /* UserServiceTests.swift */; };
		BCAFECCA2994DFEB0022F573 /* AlbumServiceTests.swift in Sources */ = {isa = PBXBuildFile; fileRef = BCAFECC92994DFEB0022F573 /* AlbumServiceTests.swift */; };
		BCAFECCC2994E0D90022F573 /* PhotoServiceTests.swift in Sources */ = {isa = PBXBuildFile; fileRef = BCAFECCB2994E0D90022F573 /* PhotoServiceTests.swift */; };
		BCAFECCE2994E1FB0022F573 /* UserPreferencesServiceTests.swift in Sources */ = {isa = PBXBuildFile; fileRef = BCAFECCD2994E1FB0022F573 /* UserPreferencesServiceTests.swift */; };
		BCAFECD32994E5020022F573 /* PhotoServiceMock.swift in Sources */ = {isa = PBXBuildFile; fileRef = BCAFECCF2994E5020022F573 /* PhotoServiceMock.swift */; };
		BCAFECD42994E5020022F573 /* UserPreferencesServiceMock.swift in Sources */ = {isa = PBXBuildFile; fileRef = BCAFECD02994E5020022F573 /* UserPreferencesServiceMock.swift */; };
		BCAFECD52994E5020022F573 /* UserServiceMock.swift in Sources */ = {isa = PBXBuildFile; fileRef = BCAFECD12994E5020022F573 /* UserServiceMock.swift */; };
		BCAFECD62994E5020022F573 /* AlbumServiceMock.swift in Sources */ = {isa = PBXBuildFile; fileRef = BCAFECD22994E5020022F573 /* AlbumServiceMock.swift */; };
		BCAFECDA2994E68B0022F573 /* ProfileViewModelTests.swift in Sources */ = {isa = PBXBuildFile; fileRef = BCAFECD92994E68B0022F573 /* ProfileViewModelTests.swift */; };
		BCAFECDC2994EE1D0022F573 /* AlbumDetailsViewModelTests.swift in Sources */ = {isa = PBXBuildFile; fileRef = BCAFECDB2994EE1D0022F573 /* AlbumDetailsViewModelTests.swift */; };
		BCAFECDE2994EF1F0022F573 /* SettingsViewModelTests.swift in Sources */ = {isa = PBXBuildFile; fileRef = BCAFECDD2994EF1F0022F573 /* SettingsViewModelTests.swift */; };
		BCAFECE12994F1FF0022F573 /* ProfileViewControllerIntegrationTests.swift in Sources */ = {isa = PBXBuildFile; fileRef = BCAFECE02994F1FF0022F573 /* ProfileViewControllerIntegrationTests.swift */; };
		BCAFECE32994F3F00022F573 /* AlbumDetailsViewControllerIntegrationTests.swift in Sources */ = {isa = PBXBuildFile; fileRef = BCAFECE22994F3F00022F573 /* AlbumDetailsViewControllerIntegrationTests.swift */; };
		BCB37D632990CE8E00D6C671 /* AlbumDetailsViewModel.swift in Sources */ = {isa = PBXBuildFile; fileRef = BCB37D622990CE8E00D6C671 /* AlbumDetailsViewModel.swift */; };
		BCB37D652990D01300D6C671 /* AlbumDetailsCollectionViewDataSource.swift in Sources */ = {isa = PBXBuildFile; fileRef = BCB37D642990D01300D6C671 /* AlbumDetailsCollectionViewDataSource.swift */; };
		BCB37D692990D0AE00D6C671 /* AlbumCollectionViewCell.swift in Sources */ = {isa = PBXBuildFile; fileRef = BCB37D682990D0AE00D6C671 /* AlbumCollectionViewCell.swift */; };
		BCB37D6B2990D58C00D6C671 /* UIView+Ext.swift in Sources */ = {isa = PBXBuildFile; fileRef = BCB37D6A2990D58C00D6C671 /* UIView+Ext.swift */; };
		BCB37DA929919E6F00D6C671 /* ProfileTableViewSectionHeader.swift in Sources */ = {isa = PBXBuildFile; fileRef = BCB37DA829919E6F00D6C671 /* ProfileTableViewSectionHeader.swift */; };
		BCB37DAB2991AA4400D6C671 /* API.swift in Sources */ = {isa = PBXBuildFile; fileRef = BCB37DAA2991AA4400D6C671 /* API.swift */; };
		BCB37DAF2991B07200D6C671 /* CombineMoya in Frameworks */ = {isa = PBXBuildFile; productRef = BCB37DAE2991B07200D6C671 /* CombineMoya */; };
		BCB37DB12991B07200D6C671 /* Moya in Frameworks */ = {isa = PBXBuildFile; productRef = BCB37DB02991B07200D6C671 /* Moya */; };
		BCB37DB32991C13400D6C671 /* Photo.swift in Sources */ = {isa = PBXBuildFile; fileRef = BCB37DB22991C13400D6C671 /* Photo.swift */; };
		BCB37DB62991C4AF00D6C671 /* CombineCocoa in Frameworks */ = {isa = PBXBuildFile; productRef = BCB37DB52991C4AF00D6C671 /* CombineCocoa */; };
		BCB37DB82991C4F100D6C671 /* ProfileViewControllerAndViewModelBinder.swift in Sources */ = {isa = PBXBuildFile; fileRef = BCB37DB72991C4F100D6C671 /* ProfileViewControllerAndViewModelBinder.swift */; };
		BCB37DBA2991C56900D6C671 /* ViewControllerAndViewModelBinder.swift in Sources */ = {isa = PBXBuildFile; fileRef = BCB37DB92991C56900D6C671 /* ViewControllerAndViewModelBinder.swift */; };
		BCB37DBC2991CE9A00D6C671 /* UIRefreshControl+Ext.swift in Sources */ = {isa = PBXBuildFile; fileRef = BCB37DBB2991CE9A00D6C671 /* UIRefreshControl+Ext.swift */; };
		BCB37DBE2991DAEA00D6C671 /* UserService.swift in Sources */ = {isa = PBXBuildFile; fileRef = BCB37DBD2991DAEA00D6C671 /* UserService.swift */; };
		BCB37DC02991DB3200D6C671 /* UserServicesProtocol.swift in Sources */ = {isa = PBXBuildFile; fileRef = BCB37DBF2991DB3200D6C671 /* UserServicesProtocol.swift */; };
		BCB37DC22991DB4C00D6C671 /* AlbumServicesProtocol.swift in Sources */ = {isa = PBXBuildFile; fileRef = BCB37DC12991DB4C00D6C671 /* AlbumServicesProtocol.swift */; };
		BCB37DC52991EE7E00D6C671 /* NetworkRequestError.swift in Sources */ = {isa = PBXBuildFile; fileRef = BCB37DC42991EE7E00D6C671 /* NetworkRequestError.swift */; };
		BCB37DC72991EED700D6C671 /* UserFriendlyError.swift in Sources */ = {isa = PBXBuildFile; fileRef = BCB37DC62991EED700D6C671 /* UserFriendlyError.swift */; };
		BCB37DC92991EF1200D6C671 /* ErrorTextsContainer.swift in Sources */ = {isa = PBXBuildFile; fileRef = BCB37DC82991EF1200D6C671 /* ErrorTextsContainer.swift */; };
		BCB37DCB2991F6C200D6C671 /* GenericError.swift in Sources */ = {isa = PBXBuildFile; fileRef = BCB37DCA2991F6C200D6C671 /* GenericError.swift */; };
		BCB37DCD29920FD300D6C671 /* AlbumService.swift in Sources */ = {isa = PBXBuildFile; fileRef = BCB37DCC29920FD300D6C671 /* AlbumService.swift */; };
		BCB37DCF29921C9A00D6C671 /* PhotoServicesProtocol.swift in Sources */ = {isa = PBXBuildFile; fileRef = BCB37DCE29921C9A00D6C671 /* PhotoServicesProtocol.swift */; };
		BCB37DD129921D3100D6C671 /* PhotoService.swift in Sources */ = {isa = PBXBuildFile; fileRef = BCB37DD029921D3100D6C671 /* PhotoService.swift */; };
		BCB37DD329921F8E00D6C671 /* AlbumDetailsViewControllerAndViewModelBinder.swift in Sources */ = {isa = PBXBuildFile; fileRef = BCB37DD229921F8E00D6C671 /* AlbumDetailsViewControllerAndViewModelBinder.swift */; };
		BCB37DD5299220C800D6C671 /* RemoteImageView.swift in Sources */ = {isa = PBXBuildFile; fileRef = BCB37DD4299220C800D6C671 /* RemoteImageView.swift */; };
		BCB37DD82992210800D6C671 /* ShimmerSwift in Frameworks */ = {isa = PBXBuildFile; productRef = BCB37DD72992210800D6C671 /* ShimmerSwift */; };
		BCB37DDA29922E4400D6C671 /* PhotoDetailsView.swift in Sources */ = {isa = PBXBuildFile; fileRef = BCB37DD929922E4400D6C671 /* PhotoDetailsView.swift */; };
		BCD1AFE62990695000CFDDD4 /* ProfileHeader.swift in Sources */ = {isa = PBXBuildFile; fileRef = BCD1AFE52990695000CFDDD4 /* ProfileHeader.swift */; };
		BCD1AFEA2990774100CFDDD4 /* ProfileTableViewDataSource.swift in Sources */ = {isa = PBXBuildFile; fileRef = BCD1AFE92990774100CFDDD4 /* ProfileTableViewDataSource.swift */; };
/* End PBXBuildFile section */

/* Begin PBXContainerItemProxy section */
		BC6625C9298FFA0100ED94D5 /* PBXContainerItemProxy */ = {
			isa = PBXContainerItemProxy;
			containerPortal = BC6625AA298FF9FD00ED94D5 /* Project object */;
			proxyType = 1;
			remoteGlobalIDString = BC6625B1298FF9FD00ED94D5;
			remoteInfo = MyAlbums;
		};
		BC6625D3298FFA0200ED94D5 /* PBXContainerItemProxy */ = {
			isa = PBXContainerItemProxy;
			containerPortal = BC6625AA298FF9FD00ED94D5 /* Project object */;
			proxyType = 1;
			remoteGlobalIDString = BC6625B1298FF9FD00ED94D5;
			remoteInfo = MyAlbums;
		};
/* End PBXContainerItemProxy section */

/* Begin PBXFileReference section */
		BC2F302A2994B52200137833 /* NetworkManagerFactory.swift */ = {isa = PBXFileReference; lastKnownFileType = sourcecode.swift; path = NetworkManagerFactory.swift; sourceTree = "<group>"; };
		BC2F30392994C0E800137833 /* SampleUserResponse.json */ = {isa = PBXFileReference; lastKnownFileType = text.json; path = SampleUserResponse.json; sourceTree = "<group>"; };
		BC2F303D2994C19E00137833 /* SampleAlbumPhotosResponse.json */ = {isa = PBXFileReference; fileEncoding = 4; lastKnownFileType = text.json; path = SampleAlbumPhotosResponse.json; sourceTree = "<group>"; };
		BC2F303E2994C19F00137833 /* SampleUserAlbumsResponse.json */ = {isa = PBXFileReference; fileEncoding = 4; lastKnownFileType = text.json; path = SampleUserAlbumsResponse.json; sourceTree = "<group>"; };
		BC3D267129905B5E00948490 /* ProfileViewModel.swift */ = {isa = PBXFileReference; lastKnownFileType = sourcecode.swift; path = ProfileViewModel.swift; sourceTree = "<group>"; };
		BC3D267329905D4700948490 /* AlbumDetailsViewController.swift */ = {isa = PBXFileReference; lastKnownFileType = sourcecode.swift; path = AlbumDetailsViewController.swift; sourceTree = "<group>"; };
		BC3D267529905D6F00948490 /* PhotoDetailsViewController.swift */ = {isa = PBXFileReference; lastKnownFileType = sourcecode.swift; path = PhotoDetailsViewController.swift; sourceTree = "<group>"; };
		BC3D2678299061B200948490 /* User.swift */ = {isa = PBXFileReference; lastKnownFileType = sourcecode.swift; path = User.swift; sourceTree = "<group>"; };
		BC3D267A299061C900948490 /* Album.swift */ = {isa = PBXFileReference; lastKnownFileType = sourcecode.swift; path = Album.swift; sourceTree = "<group>"; };
		BC3D267C2990646500948490 /* Address.swift */ = {isa = PBXFileReference; lastKnownFileType = sourcecode.swift; path = Address.swift; sourceTree = "<group>"; };
		BC523D06299382D900EA9EAF /* ErrorManager.swift */ = {isa = PBXFileReference; lastKnownFileType = sourcecode.swift; path = ErrorManager.swift; sourceTree = "<group>"; };
		BC523D082993863800EA9EAF /* SettingsOption.swift */ = {isa = PBXFileReference; fileEncoding = 4; lastKnownFileType = sourcecode.swift; path = SettingsOption.swift; sourceTree = "<group>"; };
		BC523D0A299386CD00EA9EAF /* SettingsViewController+Actions.swift */ = {isa = PBXFileReference; fileEncoding = 4; lastKnownFileType = sourcecode.swift; path = "SettingsViewController+Actions.swift"; sourceTree = "<group>"; };
		BC523D0B299386CD00EA9EAF /* SettingsViewController.swift */ = {isa = PBXFileReference; fileEncoding = 4; lastKnownFileType = sourcecode.swift; path = SettingsViewController.swift; sourceTree = "<group>"; };
		BC523D0E2993873500EA9EAF /* SettingsViewModel.swift */ = {isa = PBXFileReference; fileEncoding = 4; lastKnownFileType = sourcecode.swift; path = SettingsViewModel.swift; sourceTree = "<group>"; };
		BC523D102993875100EA9EAF /* SettingsViewControllerProtocol.swift */ = {isa = PBXFileReference; fileEncoding = 4; lastKnownFileType = sourcecode.swift; path = SettingsViewControllerProtocol.swift; sourceTree = "<group>"; };
		BC523D12299387C200EA9EAF /* SettingsDataSource.swift */ = {isa = PBXFileReference; fileEncoding = 4; lastKnownFileType = sourcecode.swift; path = SettingsDataSource.swift; sourceTree = "<group>"; };
		BC523D142993883400EA9EAF /* SettingsSectionsFactory.swift */ = {isa = PBXFileReference; fileEncoding = 4; lastKnownFileType = sourcecode.swift; path = SettingsSectionsFactory.swift; sourceTree = "<group>"; };
		BC523D162993893F00EA9EAF /* UserPreferencesService.swift */ = {isa = PBXFileReference; fileEncoding = 4; lastKnownFileType = sourcecode.swift; path = UserPreferencesService.swift; sourceTree = "<group>"; };
		BC523D182993897F00EA9EAF /* UserPreferencesServiceProtocol.swift */ = {isa = PBXFileReference; fileEncoding = 4; lastKnownFileType = sourcecode.swift; path = UserPreferencesServiceProtocol.swift; sourceTree = "<group>"; };
		BC523D1B299389F100EA9EAF /* SourceryProtocols.swift */ = {isa = PBXFileReference; fileEncoding = 4; lastKnownFileType = sourcecode.swift; path = SourceryProtocols.swift; sourceTree = "<group>"; };
		BC523D1E29938AA500EA9EAF /* UserPreferences.swift */ = {isa = PBXFileReference; fileEncoding = 4; lastKnownFileType = sourcecode.swift; path = UserPreferences.swift; sourceTree = "<group>"; };
		BC523D2029938BD300EA9EAF /* UserDefaultsManagerFactory.swift */ = {isa = PBXFileReference; fileEncoding = 4; lastKnownFileType = sourcecode.swift; path = UserDefaultsManagerFactory.swift; sourceTree = "<group>"; };
		BC523D2229938BF800EA9EAF /* ENV.swift */ = {isa = PBXFileReference; fileEncoding = 4; lastKnownFileType = sourcecode.swift; path = ENV.swift; sourceTree = "<group>"; };
		BC523D2429938C3200EA9EAF /* EnvironmentVariableNamesContainer.swift */ = {isa = PBXFileReference; fileEncoding = 4; lastKnownFileType = sourcecode.swift; path = EnvironmentVariableNamesContainer.swift; sourceTree = "<group>"; };
		BC523D2629938D5700EA9EAF /* UINavigationController+Ext.swift */ = {isa = PBXFileReference; fileEncoding = 4; lastKnownFileType = sourcecode.swift; path = "UINavigationController+Ext.swift"; sourceTree = "<group>"; };
		BC523D2829938F9300EA9EAF /* UserDefaultsManagerMock.swift */ = {isa = PBXFileReference; fileEncoding = 4; lastKnownFileType = sourcecode.swift; path = UserDefaultsManagerMock.swift; sourceTree = "<group>"; };
		BC523D2B2993ACB200EA9EAF /* NetworkManagerMock.swift */ = {isa = PBXFileReference; lastKnownFileType = sourcecode.swift; path = NetworkManagerMock.swift; sourceTree = "<group>"; };
		BC6625B2298FF9FD00ED94D5 /* MyAlbums.app */ = {isa = PBXFileReference; explicitFileType = wrapper.application; includeInIndex = 0; path = MyAlbums.app; sourceTree = BUILT_PRODUCTS_DIR; };
		BC6625B5298FF9FD00ED94D5 /* AppDelegate.swift */ = {isa = PBXFileReference; lastKnownFileType = sourcecode.swift; path = AppDelegate.swift; sourceTree = "<group>"; };
		BC6625B7298FF9FD00ED94D5 /* SceneDelegate.swift */ = {isa = PBXFileReference; lastKnownFileType = sourcecode.swift; path = SceneDelegate.swift; sourceTree = "<group>"; };
		BC6625B9298FF9FD00ED94D5 /* ProfileViewController.swift */ = {isa = PBXFileReference; lastKnownFileType = sourcecode.swift; path = ProfileViewController.swift; sourceTree = "<group>"; };
		BC6625BE298FFA0000ED94D5 /* Assets.xcassets */ = {isa = PBXFileReference; lastKnownFileType = folder.assetcatalog; path = Assets.xcassets; sourceTree = "<group>"; };
		BC6625C1298FFA0000ED94D5 /* Base */ = {isa = PBXFileReference; lastKnownFileType = file.storyboard; name = Base; path = Base.lproj/LaunchScreen.storyboard; sourceTree = "<group>"; };
		BC6625C3298FFA0000ED94D5 /* Info.plist */ = {isa = PBXFileReference; lastKnownFileType = text.plist.xml; path = Info.plist; sourceTree = "<group>"; };
		BC6625C8298FFA0100ED94D5 /* MyAlbumsTests.xctest */ = {isa = PBXFileReference; explicitFileType = wrapper.cfbundle; includeInIndex = 0; path = MyAlbumsTests.xctest; sourceTree = BUILT_PRODUCTS_DIR; };
		BC6625CC298FFA0100ED94D5 /* NetworkManagerTests.swift */ = {isa = PBXFileReference; lastKnownFileType = sourcecode.swift; path = NetworkManagerTests.swift; sourceTree = "<group>"; };
		BC6625D2298FFA0200ED94D5 /* MyAlbumsUITests.xctest */ = {isa = PBXFileReference; explicitFileType = wrapper.cfbundle; includeInIndex = 0; path = MyAlbumsUITests.xctest; sourceTree = BUILT_PRODUCTS_DIR; };
		BC6625D6298FFA0200ED94D5 /* MyAlbumsUITests.swift */ = {isa = PBXFileReference; lastKnownFileType = sourcecode.swift; path = MyAlbumsUITests.swift; sourceTree = "<group>"; };
		BC6625D8298FFA0200ED94D5 /* MyAlbumsUITestsLaunchTests.swift */ = {isa = PBXFileReference; lastKnownFileType = sourcecode.swift; path = MyAlbumsUITestsLaunchTests.swift; sourceTree = "<group>"; };
		BC6625EA2990131F00ED94D5 /* String+Ext.swift */ = {isa = PBXFileReference; lastKnownFileType = sourcecode.swift; path = "String+Ext.swift"; sourceTree = "<group>"; };
		BC6625ED2990139F00ED94D5 /* UITextsContainer.swift */ = {isa = PBXFileReference; lastKnownFileType = sourcecode.swift; path = UITextsContainer.swift; sourceTree = "<group>"; };
		BC6625F02990151900ED94D5 /* Coordinator.swift */ = {isa = PBXFileReference; lastKnownFileType = sourcecode.swift; path = Coordinator.swift; sourceTree = "<group>"; };
		BC6625F2299015BA00ED94D5 /* ProfileStackCoordinatorMock.swift */ = {isa = PBXFileReference; lastKnownFileType = sourcecode.swift; path = ProfileStackCoordinatorMock.swift; sourceTree = "<group>"; };
		BC6625F52990206800ED94D5 /* DependencyContainer.swift */ = {isa = PBXFileReference; lastKnownFileType = sourcecode.swift; path = DependencyContainer.swift; sourceTree = "<group>"; };
		BC6625F82990211800ED94D5 /* UserDefaultsManager.swift */ = {isa = PBXFileReference; lastKnownFileType = sourcecode.swift; path = UserDefaultsManager.swift; sourceTree = "<group>"; };
		BC6625FA2990243D00ED94D5 /* ar */ = {isa = PBXFileReference; lastKnownFileType = text.plist.strings; name = ar; path = ar.lproj/LaunchScreen.strings; sourceTree = "<group>"; };
		BC6625FE299025A800ED94D5 /* en */ = {isa = PBXFileReference; lastKnownFileType = text.plist.strings; name = en; path = en.lproj/Localizable.strings; sourceTree = "<group>"; };
		BC662600299025AB00ED94D5 /* ar */ = {isa = PBXFileReference; lastKnownFileType = text.plist.strings; name = ar; path = ar.lproj/Localizable.strings; sourceTree = "<group>"; };
		BC66260229902A5D00ED94D5 /* NetworkManager.swift */ = {isa = PBXFileReference; lastKnownFileType = sourcecode.swift; path = NetworkManager.swift; sourceTree = "<group>"; };
		BC66260529902B5900ED94D5 /* NetworkManagerProtocol.swift */ = {isa = PBXFileReference; lastKnownFileType = sourcecode.swift; path = NetworkManagerProtocol.swift; sourceTree = "<group>"; };
		BC66260729902B7D00ED94D5 /* UserDefaultsManagerProtocol.swift */ = {isa = PBXFileReference; lastKnownFileType = sourcecode.swift; path = UserDefaultsManagerProtocol.swift; sourceTree = "<group>"; };
		BC66260B29902C3700ED94D5 /* StorageWrapper.swift */ = {isa = PBXFileReference; lastKnownFileType = sourcecode.swift; path = StorageWrapper.swift; sourceTree = "<group>"; };
		BC66260D2990369100ED94D5 /* RootTabBarController.swift */ = {isa = PBXFileReference; lastKnownFileType = sourcecode.swift; path = RootTabBarController.swift; sourceTree = "<group>"; };
		BC66260F299036E600ED94D5 /* TabBarCoordinator.swift */ = {isa = PBXFileReference; lastKnownFileType = sourcecode.swift; path = TabBarCoordinator.swift; sourceTree = "<group>"; };
		BC662612299037CB00ED94D5 /* ViewControllersFactory.swift */ = {isa = PBXFileReference; lastKnownFileType = sourcecode.swift; path = ViewControllersFactory.swift; sourceTree = "<group>"; };
		BC6626142990387C00ED94D5 /* ProfileStackCoordination.swift */ = {isa = PBXFileReference; lastKnownFileType = sourcecode.swift; path = ProfileStackCoordination.swift; sourceTree = "<group>"; };
		BC662616299038E600ED94D5 /* SettingsStackCoordination.swift */ = {isa = PBXFileReference; lastKnownFileType = sourcecode.swift; path = SettingsStackCoordination.swift; sourceTree = "<group>"; };
		BC66261C29903BAE00ED94D5 /* SwiftUIPreview.swift */ = {isa = PBXFileReference; lastKnownFileType = sourcecode.swift; path = SwiftUIPreview.swift; sourceTree = "<group>"; };
		BC66261F29903CE900ED94D5 /* MainViewControllersFactory.swift */ = {isa = PBXFileReference; lastKnownFileType = sourcecode.swift; path = MainViewControllersFactory.swift; sourceTree = "<group>"; };
		BC66262229903E5000ED94D5 /* SettingsCoordinatorMock.swift */ = {isa = PBXFileReference; lastKnownFileType = sourcecode.swift; path = SettingsCoordinatorMock.swift; sourceTree = "<group>"; };
		BC66262529903EA500ED94D5 /* ProfileCoordinatorMock.swift */ = {isa = PBXFileReference; lastKnownFileType = sourcecode.swift; path = ProfileCoordinatorMock.swift; sourceTree = "<group>"; };
		BC6626282990435700ED94D5 /* SettingsStackCoordinator.swift */ = {isa = PBXFileReference; lastKnownFileType = sourcecode.swift; path = SettingsStackCoordinator.swift; sourceTree = "<group>"; };
		BC66262A2990458200ED94D5 /* UIImage+Ext.swift */ = {isa = PBXFileReference; lastKnownFileType = sourcecode.swift; path = "UIImage+Ext.swift"; sourceTree = "<group>"; };
		BCA8B740299258940062C3E5 /* ToastView.swift */ = {isa = PBXFileReference; lastKnownFileType = sourcecode.swift; path = ToastView.swift; sourceTree = "<group>"; };
		BCA8B7422992614C0062C3E5 /* PresentsToast.swift */ = {isa = PBXFileReference; lastKnownFileType = sourcecode.swift; path = PresentsToast.swift; sourceTree = "<group>"; };
		BCA8B744299261670062C3E5 /* UIColor+Ext.swift */ = {isa = PBXFileReference; lastKnownFileType = sourcecode.swift; path = "UIColor+Ext.swift"; sourceTree = "<group>"; };
		BCA8B746299261870062C3E5 /* ColorNamesContainer.swift */ = {isa = PBXFileReference; lastKnownFileType = sourcecode.swift; path = ColorNamesContainer.swift; sourceTree = "<group>"; };
		BCA8B74829930D3F0062C3E5 /* ToastDelegate.swift */ = {isa = PBXFileReference; lastKnownFileType = sourcecode.swift; path = ToastDelegate.swift; sourceTree = "<group>"; };
		BCAE07802994C4D000C199D3 /* JSONFileLoader.swift */ = {isa = PBXFileReference; lastKnownFileType = sourcecode.swift; path = JSONFileLoader.swift; sourceTree = "<group>"; };
		BCAE07822994C6E700C199D3 /* FileNamesContainer.swift */ = {isa = PBXFileReference; lastKnownFileType = sourcecode.swift; path = FileNamesContainer.swift; sourceTree = "<group>"; };
		BCAE07862994D50600C199D3 /* UserServiceTests.swift */ = {isa = PBXFileReference; lastKnownFileType = sourcecode.swift; path = UserServiceTests.swift; sourceTree = "<group>"; };
		BCAFECC92994DFEB0022F573 /* AlbumServiceTests.swift */ = {isa = PBXFileReference; lastKnownFileType = sourcecode.swift; path = AlbumServiceTests.swift; sourceTree = "<group>"; };
		BCAFECCB2994E0D90022F573 /* PhotoServiceTests.swift */ = {isa = PBXFileReference; lastKnownFileType = sourcecode.swift; path = PhotoServiceTests.swift; sourceTree = "<group>"; };
		BCAFECCD2994E1FB0022F573 /* UserPreferencesServiceTests.swift */ = {isa = PBXFileReference; lastKnownFileType = sourcecode.swift; path = UserPreferencesServiceTests.swift; sourceTree = "<group>"; };
		BCAFECCF2994E5020022F573 /* PhotoServiceMock.swift */ = {isa = PBXFileReference; fileEncoding = 4; lastKnownFileType = sourcecode.swift; path = PhotoServiceMock.swift; sourceTree = "<group>"; };
		BCAFECD02994E5020022F573 /* UserPreferencesServiceMock.swift */ = {isa = PBXFileReference; fileEncoding = 4; lastKnownFileType = sourcecode.swift; path = UserPreferencesServiceMock.swift; sourceTree = "<group>"; };
		BCAFECD12994E5020022F573 /* UserServiceMock.swift */ = {isa = PBXFileReference; fileEncoding = 4; lastKnownFileType = sourcecode.swift; path = UserServiceMock.swift; sourceTree = "<group>"; };
		BCAFECD22994E5020022F573 /* AlbumServiceMock.swift */ = {isa = PBXFileReference; fileEncoding = 4; lastKnownFileType = sourcecode.swift; path = AlbumServiceMock.swift; sourceTree = "<group>"; };
		BCAFECD92994E68B0022F573 /* ProfileViewModelTests.swift */ = {isa = PBXFileReference; lastKnownFileType = sourcecode.swift; path = ProfileViewModelTests.swift; sourceTree = "<group>"; };
		BCAFECDB2994EE1D0022F573 /* AlbumDetailsViewModelTests.swift */ = {isa = PBXFileReference; lastKnownFileType = sourcecode.swift; path = AlbumDetailsViewModelTests.swift; sourceTree = "<group>"; };
		BCAFECDD2994EF1F0022F573 /* SettingsViewModelTests.swift */ = {isa = PBXFileReference; lastKnownFileType = sourcecode.swift; path = SettingsViewModelTests.swift; sourceTree = "<group>"; };
		BCAFECE02994F1FF0022F573 /* ProfileViewControllerIntegrationTests.swift */ = {isa = PBXFileReference; lastKnownFileType = sourcecode.swift; path = ProfileViewControllerIntegrationTests.swift; sourceTree = "<group>"; };
		BCAFECE22994F3F00022F573 /* AlbumDetailsViewControllerIntegrationTests.swift */ = {isa = PBXFileReference; lastKnownFileType = sourcecode.swift; path = AlbumDetailsViewControllerIntegrationTests.swift; sourceTree = "<group>"; };
		BCB37D622990CE8E00D6C671 /* AlbumDetailsViewModel.swift */ = {isa = PBXFileReference; lastKnownFileType = sourcecode.swift; path = AlbumDetailsViewModel.swift; sourceTree = "<group>"; };
		BCB37D642990D01300D6C671 /* AlbumDetailsCollectionViewDataSource.swift */ = {isa = PBXFileReference; lastKnownFileType = sourcecode.swift; path = AlbumDetailsCollectionViewDataSource.swift; sourceTree = "<group>"; };
		BCB37D682990D0AE00D6C671 /* AlbumCollectionViewCell.swift */ = {isa = PBXFileReference; lastKnownFileType = sourcecode.swift; path = AlbumCollectionViewCell.swift; sourceTree = "<group>"; };
		BCB37D6A2990D58C00D6C671 /* UIView+Ext.swift */ = {isa = PBXFileReference; lastKnownFileType = sourcecode.swift; path = "UIView+Ext.swift"; sourceTree = "<group>"; };
		BCB37DA829919E6F00D6C671 /* ProfileTableViewSectionHeader.swift */ = {isa = PBXFileReference; lastKnownFileType = sourcecode.swift; path = ProfileTableViewSectionHeader.swift; sourceTree = "<group>"; };
		BCB37DAA2991AA4400D6C671 /* API.swift */ = {isa = PBXFileReference; lastKnownFileType = sourcecode.swift; path = API.swift; sourceTree = "<group>"; };
		BCB37DB22991C13400D6C671 /* Photo.swift */ = {isa = PBXFileReference; lastKnownFileType = sourcecode.swift; path = Photo.swift; sourceTree = "<group>"; };
		BCB37DB72991C4F100D6C671 /* ProfileViewControllerAndViewModelBinder.swift */ = {isa = PBXFileReference; lastKnownFileType = sourcecode.swift; path = ProfileViewControllerAndViewModelBinder.swift; sourceTree = "<group>"; };
		BCB37DB92991C56900D6C671 /* ViewControllerAndViewModelBinder.swift */ = {isa = PBXFileReference; lastKnownFileType = sourcecode.swift; path = ViewControllerAndViewModelBinder.swift; sourceTree = "<group>"; };
		BCB37DBB2991CE9A00D6C671 /* UIRefreshControl+Ext.swift */ = {isa = PBXFileReference; lastKnownFileType = sourcecode.swift; path = "UIRefreshControl+Ext.swift"; sourceTree = "<group>"; };
		BCB37DBD2991DAEA00D6C671 /* UserService.swift */ = {isa = PBXFileReference; lastKnownFileType = sourcecode.swift; path = UserService.swift; sourceTree = "<group>"; };
		BCB37DBF2991DB3200D6C671 /* UserServicesProtocol.swift */ = {isa = PBXFileReference; lastKnownFileType = sourcecode.swift; path = UserServicesProtocol.swift; sourceTree = "<group>"; };
		BCB37DC12991DB4C00D6C671 /* AlbumServicesProtocol.swift */ = {isa = PBXFileReference; lastKnownFileType = sourcecode.swift; path = AlbumServicesProtocol.swift; sourceTree = "<group>"; };
		BCB37DC42991EE7E00D6C671 /* NetworkRequestError.swift */ = {isa = PBXFileReference; lastKnownFileType = sourcecode.swift; path = NetworkRequestError.swift; sourceTree = "<group>"; };
		BCB37DC62991EED700D6C671 /* UserFriendlyError.swift */ = {isa = PBXFileReference; lastKnownFileType = sourcecode.swift; path = UserFriendlyError.swift; sourceTree = "<group>"; };
		BCB37DC82991EF1200D6C671 /* ErrorTextsContainer.swift */ = {isa = PBXFileReference; lastKnownFileType = sourcecode.swift; path = ErrorTextsContainer.swift; sourceTree = "<group>"; };
		BCB37DCA2991F6C200D6C671 /* GenericError.swift */ = {isa = PBXFileReference; lastKnownFileType = sourcecode.swift; path = GenericError.swift; sourceTree = "<group>"; };
		BCB37DCC29920FD300D6C671 /* AlbumService.swift */ = {isa = PBXFileReference; lastKnownFileType = sourcecode.swift; path = AlbumService.swift; sourceTree = "<group>"; };
		BCB37DCE29921C9A00D6C671 /* PhotoServicesProtocol.swift */ = {isa = PBXFileReference; lastKnownFileType = sourcecode.swift; path = PhotoServicesProtocol.swift; sourceTree = "<group>"; };
		BCB37DD029921D3100D6C671 /* PhotoService.swift */ = {isa = PBXFileReference; lastKnownFileType = sourcecode.swift; path = PhotoService.swift; sourceTree = "<group>"; };
		BCB37DD229921F8E00D6C671 /* AlbumDetailsViewControllerAndViewModelBinder.swift */ = {isa = PBXFileReference; lastKnownFileType = sourcecode.swift; path = AlbumDetailsViewControllerAndViewModelBinder.swift; sourceTree = "<group>"; };
		BCB37DD4299220C800D6C671 /* RemoteImageView.swift */ = {isa = PBXFileReference; lastKnownFileType = sourcecode.swift; path = RemoteImageView.swift; sourceTree = "<group>"; };
		BCB37DD929922E4400D6C671 /* PhotoDetailsView.swift */ = {isa = PBXFileReference; lastKnownFileType = sourcecode.swift; path = PhotoDetailsView.swift; sourceTree = "<group>"; };
		BCD1AFE52990695000CFDDD4 /* ProfileHeader.swift */ = {isa = PBXFileReference; lastKnownFileType = sourcecode.swift; path = ProfileHeader.swift; sourceTree = "<group>"; };
		BCD1AFE92990774100CFDDD4 /* ProfileTableViewDataSource.swift */ = {isa = PBXFileReference; lastKnownFileType = sourcecode.swift; path = ProfileTableViewDataSource.swift; sourceTree = "<group>"; };
/* End PBXFileReference section */

/* Begin PBXFrameworksBuildPhase section */
		BC6625AF298FF9FD00ED94D5 /* Frameworks */ = {
			isa = PBXFrameworksBuildPhase;
			buildActionMask = 2147483647;
			files = (
				BCB37DB12991B07200D6C671 /* Moya in Frameworks */,
				BCB37DB62991C4AF00D6C671 /* CombineCocoa in Frameworks */,
				BCB37DD82992210800D6C671 /* ShimmerSwift in Frameworks */,
				BCB37DAF2991B07200D6C671 /* CombineMoya in Frameworks */,
			);
			runOnlyForDeploymentPostprocessing = 0;
		};
		BC6625C5298FFA0100ED94D5 /* Frameworks */ = {
			isa = PBXFrameworksBuildPhase;
			buildActionMask = 2147483647;
			files = (
				BC2F30302994BAA100137833 /* Moya in Frameworks */,
				BC2F302E2994BAA100137833 /* CombineMoya in Frameworks */,
				BC2F30342994BAA100137833 /* RxMoya in Frameworks */,
				BC2F30362994BAA100137833 /* CombineCocoa in Frameworks */,
				BC2F30382994BAA100137833 /* ShimmerSwift in Frameworks */,
				BC2F30322994BAA100137833 /* ReactiveMoya in Frameworks */,
			);
			runOnlyForDeploymentPostprocessing = 0;
		};
		BC6625CF298FFA0200ED94D5 /* Frameworks */ = {
			isa = PBXFrameworksBuildPhase;
			buildActionMask = 2147483647;
			files = (
			);
			runOnlyForDeploymentPostprocessing = 0;
		};
/* End PBXFrameworksBuildPhase section */

/* Begin PBXGroup section */
		BC2F30292994B07B00137833 /* UnitTests */ = {
			isa = PBXGroup;
			children = (
				BCAFECD72994E65D0022F573 /* ServicesTests */,
				BCAFECD82994E66C0022F573 /* ViewModelTests */,
			);
			path = UnitTests;
			sourceTree = "<group>";
		};
		BC2F302C2994BAA100137833 /* Frameworks */ = {
			isa = PBXGroup;
			children = (
			);
			name = Frameworks;
			sourceTree = "<group>";
		};
		BC3D267729905E0600948490 /* Models */ = {
			isa = PBXGroup;
			children = (
				BC523D1E29938AA500EA9EAF /* UserPreferences.swift */,
				BC523D082993863800EA9EAF /* SettingsOption.swift */,
				BC3D2678299061B200948490 /* User.swift */,
				BC3D267A299061C900948490 /* Album.swift */,
				BC3D267C2990646500948490 /* Address.swift */,
				BCB37DB22991C13400D6C671 /* Photo.swift */,
			);
			path = Models;
			sourceTree = "<group>";
		};
		BC523D05299382C200EA9EAF /* Errors */ = {
			isa = PBXGroup;
			children = (
				BCB37DC42991EE7E00D6C671 /* NetworkRequestError.swift */,
				BCB37DCA2991F6C200D6C671 /* GenericError.swift */,
			);
			path = Errors;
			sourceTree = "<group>";
		};
		BC523D1A2993898400EA9EAF /* Services */ = {
			isa = PBXGroup;
			children = (
				BCB37DBF2991DB3200D6C671 /* UserServicesProtocol.swift */,
				BCB37DC12991DB4C00D6C671 /* AlbumServicesProtocol.swift */,
				BCB37DCE29921C9A00D6C671 /* PhotoServicesProtocol.swift */,
				BC523D182993897F00EA9EAF /* UserPreferencesServiceProtocol.swift */,
			);
			path = Services;
			sourceTree = "<group>";
		};
		BC523D1D299389F600EA9EAF /* Coordination */ = {
			isa = PBXGroup;
			children = (
				BC6625F02990151900ED94D5 /* Coordinator.swift */,
				BC6626142990387C00ED94D5 /* ProfileStackCoordination.swift */,
				BC662616299038E600ED94D5 /* SettingsStackCoordination.swift */,
			);
			path = Coordination;
			sourceTree = "<group>";
		};
		BC523D2A2993ACA200EA9EAF /* Mocks */ = {
			isa = PBXGroup;
			children = (
				BC523D2B2993ACB200EA9EAF /* NetworkManagerMock.swift */,
				BCAFECD22994E5020022F573 /* AlbumServiceMock.swift */,
				BCAFECCF2994E5020022F573 /* PhotoServiceMock.swift */,
				BCAFECD02994E5020022F573 /* UserPreferencesServiceMock.swift */,
				BCAFECD12994E5020022F573 /* UserServiceMock.swift */,
			);
			path = Mocks;
			sourceTree = "<group>";
		};
		BC6625A9298FF9FD00ED94D5 = {
			isa = PBXGroup;
			children = (
				BC6625B4298FF9FD00ED94D5 /* MyAlbums */,
				BC6625CB298FFA0100ED94D5 /* MyAlbumsTests */,
				BC6625D5298FFA0200ED94D5 /* MyAlbumsUITests */,
				BC6625B3298FF9FD00ED94D5 /* Products */,
				BC2F302C2994BAA100137833 /* Frameworks */,
			);
			sourceTree = "<group>";
		};
		BC6625B3298FF9FD00ED94D5 /* Products */ = {
			isa = PBXGroup;
			children = (
				BC6625B2298FF9FD00ED94D5 /* MyAlbums.app */,
				BC6625C8298FFA0100ED94D5 /* MyAlbumsTests.xctest */,
				BC6625D2298FFA0200ED94D5 /* MyAlbumsUITests.xctest */,
			);
			name = Products;
			sourceTree = "<group>";
		};
		BC6625B4298FF9FD00ED94D5 /* MyAlbums */ = {
			isa = PBXGroup;
			children = (
				BC6625E5298FFA2900ED94D5 /* Support */,
				BC66260929902BF900ED94D5 /* Utilities */,
				BC66260429902B1D00ED94D5 /* Protocols */,
				BC3D267729905E0600948490 /* Models */,
				BC6625E62990126600ED94D5 /* Screens */,
				BCD1AFE42990693200CFDDD4 /* Views */,
				BC6625EF299014F000ED94D5 /* Navigation */,
				BC66260129902A3F00ED94D5 /* Networking */,
				BC6625F7299020F500ED94D5 /* Persistence */,
				BC6625F429901FD500ED94D5 /* Services */,
				BC66261E29903CCC00ED94D5 /* Factories */,
				BCB37DC32991EE5A00D6C671 /* ErrorHandling */,
				BC6625E9299012E900ED94D5 /* Extensions */,
				BC6625EC2990133600ED94D5 /* Constants */,
				BC66262129903E3C00ED94D5 /* Mocks */,
			);
			path = MyAlbums;
			sourceTree = "<group>";
		};
		BC6625CB298FFA0100ED94D5 /* MyAlbumsTests */ = {
			isa = PBXGroup;
			children = (
				BC523D2A2993ACA200EA9EAF /* Mocks */,
				BC2F30292994B07B00137833 /* UnitTests */,
				BCAFECDF2994F1C60022F573 /* IntegrationTests */,
			);
			path = MyAlbumsTests;
			sourceTree = "<group>";
		};
		BC6625D5298FFA0200ED94D5 /* MyAlbumsUITests */ = {
			isa = PBXGroup;
			children = (
				BC6625D6298FFA0200ED94D5 /* MyAlbumsUITests.swift */,
				BC6625D8298FFA0200ED94D5 /* MyAlbumsUITestsLaunchTests.swift */,
			);
			path = MyAlbumsUITests;
			sourceTree = "<group>";
		};
		BC6625E5298FFA2900ED94D5 /* Support */ = {
			isa = PBXGroup;
			children = (
				BC6625B5298FF9FD00ED94D5 /* AppDelegate.swift */,
				BC6625B7298FF9FD00ED94D5 /* SceneDelegate.swift */,
				BC6625F52990206800ED94D5 /* DependencyContainer.swift */,
				BC66261C29903BAE00ED94D5 /* SwiftUIPreview.swift */,
				BC523D2229938BF800EA9EAF /* ENV.swift */,
				BC6625BE298FFA0000ED94D5 /* Assets.xcassets */,
				BC6625C0298FFA0000ED94D5 /* LaunchScreen.storyboard */,
				BC6625C3298FFA0000ED94D5 /* Info.plist */,
			);
			path = Support;
			sourceTree = "<group>";
		};
		BC6625E62990126600ED94D5 /* Screens */ = {
			isa = PBXGroup;
			children = (
				BC6625E72990126F00ED94D5 /* Profile */,
				BC6625E82990127700ED94D5 /* AlbumDetails */,
				BC6626182990399100ED94D5 /* ImageViewer */,
				BC66261929903AB700ED94D5 /* SettingsScreen */,
			);
			path = Screens;
			sourceTree = "<group>";
		};
		BC6625E72990126F00ED94D5 /* Profile */ = {
			isa = PBXGroup;
			children = (
				BC6625B9298FF9FD00ED94D5 /* ProfileViewController.swift */,
				BC3D267129905B5E00948490 /* ProfileViewModel.swift */,
				BCD1AFE92990774100CFDDD4 /* ProfileTableViewDataSource.swift */,
				BCB37DB72991C4F100D6C671 /* ProfileViewControllerAndViewModelBinder.swift */,
			);
			path = Profile;
			sourceTree = "<group>";
		};
		BC6625E82990127700ED94D5 /* AlbumDetails */ = {
			isa = PBXGroup;
			children = (
				BC3D267329905D4700948490 /* AlbumDetailsViewController.swift */,
				BCB37D622990CE8E00D6C671 /* AlbumDetailsViewModel.swift */,
				BCB37D642990D01300D6C671 /* AlbumDetailsCollectionViewDataSource.swift */,
				BCB37DD229921F8E00D6C671 /* AlbumDetailsViewControllerAndViewModelBinder.swift */,
			);
			path = AlbumDetails;
			sourceTree = "<group>";
		};
		BC6625E9299012E900ED94D5 /* Extensions */ = {
			isa = PBXGroup;
			children = (
				BC523D2629938D5700EA9EAF /* UINavigationController+Ext.swift */,
				BC6625EA2990131F00ED94D5 /* String+Ext.swift */,
				BC66262A2990458200ED94D5 /* UIImage+Ext.swift */,
				BCB37D6A2990D58C00D6C671 /* UIView+Ext.swift */,
				BCB37DBB2991CE9A00D6C671 /* UIRefreshControl+Ext.swift */,
				BCA8B744299261670062C3E5 /* UIColor+Ext.swift */,
			);
			path = Extensions;
			sourceTree = "<group>";
		};
		BC6625EC2990133600ED94D5 /* Constants */ = {
			isa = PBXGroup;
			children = (
				BC6625ED2990139F00ED94D5 /* UITextsContainer.swift */,
				BCB37DC82991EF1200D6C671 /* ErrorTextsContainer.swift */,
				BCA8B746299261870062C3E5 /* ColorNamesContainer.swift */,
				BCAE07822994C6E700C199D3 /* FileNamesContainer.swift */,
				BC523D2429938C3200EA9EAF /* EnvironmentVariableNamesContainer.swift */,
				BC2F30392994C0E800137833 /* SampleUserResponse.json */,
				BC2F303D2994C19E00137833 /* SampleAlbumPhotosResponse.json */,
				BC2F303E2994C19F00137833 /* SampleUserAlbumsResponse.json */,
				BC6625FF299025A800ED94D5 /* Localizable.strings */,
			);
			path = Constants;
			sourceTree = "<group>";
		};
		BC6625EF299014F000ED94D5 /* Navigation */ = {
			isa = PBXGroup;
			children = (
				BC66260D2990369100ED94D5 /* RootTabBarController.swift */,
				BC6626272990433200ED94D5 /* Coordinators */,
			);
			path = Navigation;
			sourceTree = "<group>";
		};
		BC6625F429901FD500ED94D5 /* Services */ = {
			isa = PBXGroup;
			children = (
				BCB37DBD2991DAEA00D6C671 /* UserService.swift */,
				BCB37DCC29920FD300D6C671 /* AlbumService.swift */,
				BCB37DD029921D3100D6C671 /* PhotoService.swift */,
				BC523D162993893F00EA9EAF /* UserPreferencesService.swift */,
			);
			path = Services;
			sourceTree = "<group>";
		};
		BC6625F7299020F500ED94D5 /* Persistence */ = {
			isa = PBXGroup;
			children = (
				BC6625F82990211800ED94D5 /* UserDefaultsManager.swift */,
			);
			path = Persistence;
			sourceTree = "<group>";
		};
		BC66260129902A3F00ED94D5 /* Networking */ = {
			isa = PBXGroup;
			children = (
				BC66260229902A5D00ED94D5 /* NetworkManager.swift */,
				BCB37DAA2991AA4400D6C671 /* API.swift */,
			);
			path = Networking;
			sourceTree = "<group>";
		};
		BC66260429902B1D00ED94D5 /* Protocols */ = {
			isa = PBXGroup;
			children = (
				BC523D1D299389F600EA9EAF /* Coordination */,
				BC523D1A2993898400EA9EAF /* Services */,
				BC523D1B299389F100EA9EAF /* SourceryProtocols.swift */,
				BC66260529902B5900ED94D5 /* NetworkManagerProtocol.swift */,
				BC66260729902B7D00ED94D5 /* UserDefaultsManagerProtocol.swift */,
				BC662612299037CB00ED94D5 /* ViewControllersFactory.swift */,
				BCB37DC62991EED700D6C671 /* UserFriendlyError.swift */,
				BCA8B7422992614C0062C3E5 /* PresentsToast.swift */,
				BCA8B74829930D3F0062C3E5 /* ToastDelegate.swift */,
				BC523D102993875100EA9EAF /* SettingsViewControllerProtocol.swift */,
			);
			path = Protocols;
			sourceTree = "<group>";
		};
		BC66260929902BF900ED94D5 /* Utilities */ = {
			isa = PBXGroup;
			children = (
				BCB37DB92991C56900D6C671 /* ViewControllerAndViewModelBinder.swift */,
				BC66260B29902C3700ED94D5 /* StorageWrapper.swift */,
				BCAE07802994C4D000C199D3 /* JSONFileLoader.swift */,
			);
			path = Utilities;
			sourceTree = "<group>";
		};
		BC6626182990399100ED94D5 /* ImageViewer */ = {
			isa = PBXGroup;
			children = (
				BC3D267529905D6F00948490 /* PhotoDetailsViewController.swift */,
				BCB37DD929922E4400D6C671 /* PhotoDetailsView.swift */,
			);
			path = ImageViewer;
			sourceTree = "<group>";
		};
		BC66261929903AB700ED94D5 /* SettingsScreen */ = {
			isa = PBXGroup;
			children = (
				BC523D0B299386CD00EA9EAF /* SettingsViewController.swift */,
				BC523D0A299386CD00EA9EAF /* SettingsViewController+Actions.swift */,
				BC523D0E2993873500EA9EAF /* SettingsViewModel.swift */,
				BC523D12299387C200EA9EAF /* SettingsDataSource.swift */,
			);
			path = SettingsScreen;
			sourceTree = "<group>";
		};
		BC66261E29903CCC00ED94D5 /* Factories */ = {
			isa = PBXGroup;
			children = (
				BC523D2029938BD300EA9EAF /* UserDefaultsManagerFactory.swift */,
				BC66261F29903CE900ED94D5 /* MainViewControllersFactory.swift */,
				BC523D142993883400EA9EAF /* SettingsSectionsFactory.swift */,
				BC2F302A2994B52200137833 /* NetworkManagerFactory.swift */,
			);
			path = Factories;
			sourceTree = "<group>";
		};
		BC66262129903E3C00ED94D5 /* Mocks */ = {
			isa = PBXGroup;
			children = (
				BC523D2829938F9300EA9EAF /* UserDefaultsManagerMock.swift */,
				BC66262429903E8E00ED94D5 /* Coordinators */,
			);
			path = Mocks;
			sourceTree = "<group>";
		};
		BC66262429903E8E00ED94D5 /* Coordinators */ = {
			isa = PBXGroup;
			children = (
				BC66262529903EA500ED94D5 /* ProfileCoordinatorMock.swift */,
				BC66262229903E5000ED94D5 /* SettingsCoordinatorMock.swift */,
			);
			path = Coordinators;
			sourceTree = "<group>";
		};
		BC6626272990433200ED94D5 /* Coordinators */ = {
			isa = PBXGroup;
			children = (
				BC66260F299036E600ED94D5 /* TabBarCoordinator.swift */,
				BC6625F2299015BA00ED94D5 /* ProfileStackCoordinatorMock.swift */,
				BC6626282990435700ED94D5 /* SettingsStackCoordinator.swift */,
			);
			path = Coordinators;
			sourceTree = "<group>";
		};
		BCAFECD72994E65D0022F573 /* ServicesTests */ = {
			isa = PBXGroup;
			children = (
				BC6625CC298FFA0100ED94D5 /* NetworkManagerTests.swift */,
				BCAE07862994D50600C199D3 /* UserServiceTests.swift */,
				BCAFECC92994DFEB0022F573 /* AlbumServiceTests.swift */,
				BCAFECCB2994E0D90022F573 /* PhotoServiceTests.swift */,
				BCAFECCD2994E1FB0022F573 /* UserPreferencesServiceTests.swift */,
			);
			path = ServicesTests;
			sourceTree = "<group>";
		};
		BCAFECD82994E66C0022F573 /* ViewModelTests */ = {
			isa = PBXGroup;
			children = (
				BCAFECD92994E68B0022F573 /* ProfileViewModelTests.swift */,
				BCAFECDB2994EE1D0022F573 /* AlbumDetailsViewModelTests.swift */,
				BCAFECDD2994EF1F0022F573 /* SettingsViewModelTests.swift */,
			);
			path = ViewModelTests;
			sourceTree = "<group>";
		};
		BCAFECDF2994F1C60022F573 /* IntegrationTests */ = {
			isa = PBXGroup;
			children = (
				BCAFECE02994F1FF0022F573 /* ProfileViewControllerIntegrationTests.swift */,
				BCAFECE22994F3F00022F573 /* AlbumDetailsViewControllerIntegrationTests.swift */,
			);
			path = IntegrationTests;
			sourceTree = "<group>";
		};
		BCB37DC32991EE5A00D6C671 /* ErrorHandling */ = {
			isa = PBXGroup;
			children = (
				BC523D05299382C200EA9EAF /* Errors */,
				BC523D06299382D900EA9EAF /* ErrorManager.swift */,
			);
			path = ErrorHandling;
			sourceTree = "<group>";
		};
		BCD1AFE42990693200CFDDD4 /* Views */ = {
			isa = PBXGroup;
			children = (
				BCD1AFE52990695000CFDDD4 /* ProfileHeader.swift */,
				BCB37DA829919E6F00D6C671 /* ProfileTableViewSectionHeader.swift */,
				BCB37D682990D0AE00D6C671 /* AlbumCollectionViewCell.swift */,
				BCB37DD4299220C800D6C671 /* RemoteImageView.swift */,
				BCA8B740299258940062C3E5 /* ToastView.swift */,
			);
			path = Views;
			sourceTree = "<group>";
		};
/* End PBXGroup section */

/* Begin PBXNativeTarget section */
		BC6625B1298FF9FD00ED94D5 /* MyAlbums */ = {
			isa = PBXNativeTarget;
			buildConfigurationList = BC6625DC298FFA0200ED94D5 /* Build configuration list for PBXNativeTarget "MyAlbums" */;
			buildPhases = (
				BC6625AE298FF9FD00ED94D5 /* Sources */,
				BC6625AF298FF9FD00ED94D5 /* Frameworks */,
				BC6625B0298FF9FD00ED94D5 /* Resources */,
			);
			buildRules = (
			);
			dependencies = (
			);
			name = MyAlbums;
			packageProductDependencies = (
				BCB37DAE2991B07200D6C671 /* CombineMoya */,
				BCB37DB02991B07200D6C671 /* Moya */,
				BCB37DB52991C4AF00D6C671 /* CombineCocoa */,
				BCB37DD72992210800D6C671 /* ShimmerSwift */,
			);
			productName = MyAlbums;
			productReference = BC6625B2298FF9FD00ED94D5 /* MyAlbums.app */;
			productType = "com.apple.product-type.application";
		};
		BC6625C7298FFA0100ED94D5 /* MyAlbumsTests */ = {
			isa = PBXNativeTarget;
			buildConfigurationList = BC6625DF298FFA0200ED94D5 /* Build configuration list for PBXNativeTarget "MyAlbumsTests" */;
			buildPhases = (
				BC6625C4298FFA0100ED94D5 /* Sources */,
				BC6625C5298FFA0100ED94D5 /* Frameworks */,
				BC6625C6298FFA0100ED94D5 /* Resources */,
			);
			buildRules = (
			);
			dependencies = (
				BC6625CA298FFA0100ED94D5 /* PBXTargetDependency */,
			);
			name = MyAlbumsTests;
			packageProductDependencies = (
				BC2F302D2994BAA100137833 /* CombineMoya */,
				BC2F302F2994BAA100137833 /* Moya */,
				BC2F30312994BAA100137833 /* ReactiveMoya */,
				BC2F30332994BAA100137833 /* RxMoya */,
				BC2F30352994BAA100137833 /* CombineCocoa */,
				BC2F30372994BAA100137833 /* ShimmerSwift */,
			);
			productName = MyAlbumsTests;
			productReference = BC6625C8298FFA0100ED94D5 /* MyAlbumsTests.xctest */;
			productType = "com.apple.product-type.bundle.unit-test";
		};
		BC6625D1298FFA0200ED94D5 /* MyAlbumsUITests */ = {
			isa = PBXNativeTarget;
			buildConfigurationList = BC6625E2298FFA0200ED94D5 /* Build configuration list for PBXNativeTarget "MyAlbumsUITests" */;
			buildPhases = (
				BC6625CE298FFA0200ED94D5 /* Sources */,
				BC6625CF298FFA0200ED94D5 /* Frameworks */,
				BC6625D0298FFA0200ED94D5 /* Resources */,
			);
			buildRules = (
			);
			dependencies = (
				BC6625D4298FFA0200ED94D5 /* PBXTargetDependency */,
			);
			name = MyAlbumsUITests;
			productName = MyAlbumsUITests;
			productReference = BC6625D2298FFA0200ED94D5 /* MyAlbumsUITests.xctest */;
			productType = "com.apple.product-type.bundle.ui-testing";
		};
/* End PBXNativeTarget section */

/* Begin PBXProject section */
		BC6625AA298FF9FD00ED94D5 /* Project object */ = {
			isa = PBXProject;
			attributes = {
				BuildIndependentTargetsInParallel = 1;
				LastSwiftUpdateCheck = 1420;
				LastUpgradeCheck = 1420;
				TargetAttributes = {
					BC6625B1298FF9FD00ED94D5 = {
						CreatedOnToolsVersion = 14.2;
					};
					BC6625C7298FFA0100ED94D5 = {
						CreatedOnToolsVersion = 14.2;
						TestTargetID = BC6625B1298FF9FD00ED94D5;
					};
					BC6625D1298FFA0200ED94D5 = {
						CreatedOnToolsVersion = 14.2;
						TestTargetID = BC6625B1298FF9FD00ED94D5;
					};
				};
			};
			buildConfigurationList = BC6625AD298FF9FD00ED94D5 /* Build configuration list for PBXProject "MyAlbums" */;
			compatibilityVersion = "Xcode 14.0";
			developmentRegion = en;
			hasScannedForEncodings = 0;
			knownRegions = (
				en,
				Base,
				ar,
			);
			mainGroup = BC6625A9298FF9FD00ED94D5;
			packageReferences = (
				BCB37DAD2991B07200D6C671 /* XCRemoteSwiftPackageReference "Moya" */,
				BCB37DB42991C4AF00D6C671 /* XCRemoteSwiftPackageReference "CombineCocoa" */,
				BCB37DD62992210800D6C671 /* XCRemoteSwiftPackageReference "ShimmerSwift" */,
			);
			productRefGroup = BC6625B3298FF9FD00ED94D5 /* Products */;
			projectDirPath = "";
			projectRoot = "";
			targets = (
				BC6625B1298FF9FD00ED94D5 /* MyAlbums */,
				BC6625C7298FFA0100ED94D5 /* MyAlbumsTests */,
				BC6625D1298FFA0200ED94D5 /* MyAlbumsUITests */,
			);
		};
/* End PBXProject section */

/* Begin PBXResourcesBuildPhase section */
		BC6625B0298FF9FD00ED94D5 /* Resources */ = {
			isa = PBXResourcesBuildPhase;
			buildActionMask = 2147483647;
			files = (
				BC6625C2298FFA0000ED94D5 /* LaunchScreen.storyboard in Resources */,
				BC6625FD299025A800ED94D5 /* Localizable.strings in Resources */,
				BC2F303F2994C19F00137833 /* SampleAlbumPhotosResponse.json in Resources */,
				BC2F30422994C1A000137833 /* SampleUserAlbumsResponse.json in Resources */,
				BC6625BF298FFA0000ED94D5 /* Assets.xcassets in Resources */,
				BC2F303A2994C0E800137833 /* SampleUserResponse.json in Resources */,
			);
			runOnlyForDeploymentPostprocessing = 0;
		};
		BC6625C6298FFA0100ED94D5 /* Resources */ = {
			isa = PBXResourcesBuildPhase;
			buildActionMask = 2147483647;
			files = (
				BC2F30432994C1A000137833 /* SampleUserAlbumsResponse.json in Resources */,
				BC2F303B2994C0E800137833 /* SampleUserResponse.json in Resources */,
				BC2F30402994C1A000137833 /* SampleAlbumPhotosResponse.json in Resources */,
			);
			runOnlyForDeploymentPostprocessing = 0;
		};
		BC6625D0298FFA0200ED94D5 /* Resources */ = {
			isa = PBXResourcesBuildPhase;
			buildActionMask = 2147483647;
			files = (
				BC2F30442994C1A000137833 /* SampleUserAlbumsResponse.json in Resources */,
				BC2F303C2994C0E800137833 /* SampleUserResponse.json in Resources */,
				BC2F30412994C1A000137833 /* SampleAlbumPhotosResponse.json in Resources */,
			);
			runOnlyForDeploymentPostprocessing = 0;
		};
/* End PBXResourcesBuildPhase section */

/* Begin PBXSourcesBuildPhase section */
		BC6625AE298FF9FD00ED94D5 /* Sources */ = {
			isa = PBXSourcesBuildPhase;
			buildActionMask = 2147483647;
			files = (
				BCB37DCF29921C9A00D6C671 /* PhotoServicesProtocol.swift in Sources */,
				BC523D0D299386CD00EA9EAF /* SettingsViewController.swift in Sources */,
				BC66262B2990458200ED94D5 /* UIImage+Ext.swift in Sources */,
				BCB37DD329921F8E00D6C671 /* AlbumDetailsViewControllerAndViewModelBinder.swift in Sources */,
				BCB37DBC2991CE9A00D6C671 /* UIRefreshControl+Ext.swift in Sources */,
				BC66260829902B7D00ED94D5 /* UserDefaultsManagerProtocol.swift in Sources */,
				BC3D267629905D6F00948490 /* PhotoDetailsViewController.swift in Sources */,
				BC6626292990435700ED94D5 /* SettingsStackCoordinator.swift in Sources */,
				BC523D13299387C200EA9EAF /* SettingsDataSource.swift in Sources */,
				BC662613299037CB00ED94D5 /* ViewControllersFactory.swift in Sources */,
				BC66260E2990369100ED94D5 /* RootTabBarController.swift in Sources */,
				BCD1AFEA2990774100CFDDD4 /* ProfileTableViewDataSource.swift in Sources */,
				BC6625BA298FF9FD00ED94D5 /* ProfileViewController.swift in Sources */,
				BCB37DB82991C4F100D6C671 /* ProfileViewControllerAndViewModelBinder.swift in Sources */,
				BCB37DBA2991C56900D6C671 /* ViewControllerAndViewModelBinder.swift in Sources */,
				BC6626152990387C00ED94D5 /* ProfileStackCoordination.swift in Sources */,
				BCB37DBE2991DAEA00D6C671 /* UserService.swift in Sources */,
				BCB37DB32991C13400D6C671 /* Photo.swift in Sources */,
				BC3D2679299061B200948490 /* User.swift in Sources */,
				BC523D2529938C3200EA9EAF /* EnvironmentVariableNamesContainer.swift in Sources */,
				BC3D267429905D4700948490 /* AlbumDetailsViewController.swift in Sources */,
				BC6625F3299015BA00ED94D5 /* ProfileStackCoordinatorMock.swift in Sources */,
				BCB37D6B2990D58C00D6C671 /* UIView+Ext.swift in Sources */,
				BCB37DC22991DB4C00D6C671 /* AlbumServicesProtocol.swift in Sources */,
				BCA8B741299258940062C3E5 /* ToastView.swift in Sources */,
				BC66262629903EA600ED94D5 /* ProfileCoordinatorMock.swift in Sources */,
				BC3D267229905B5E00948490 /* ProfileViewModel.swift in Sources */,
				BC2F302B2994B52200137833 /* NetworkManagerFactory.swift in Sources */,
				BCB37D632990CE8E00D6C671 /* AlbumDetailsViewModel.swift in Sources */,
				BCA8B747299261870062C3E5 /* ColorNamesContainer.swift in Sources */,
				BC523D172993894000EA9EAF /* UserPreferencesService.swift in Sources */,
				BC66262329903E5000ED94D5 /* SettingsCoordinatorMock.swift in Sources */,
				BC523D2129938BD300EA9EAF /* UserDefaultsManagerFactory.swift in Sources */,
				BC523D07299382D900EA9EAF /* ErrorManager.swift in Sources */,
				BCB37DC72991EED700D6C671 /* UserFriendlyError.swift in Sources */,
				BCB37DCD29920FD300D6C671 /* AlbumService.swift in Sources */,
				BC66260C29902C3700ED94D5 /* StorageWrapper.swift in Sources */,
				BC662617299038E600ED94D5 /* SettingsStackCoordination.swift in Sources */,
				BCB37DC52991EE7E00D6C671 /* NetworkRequestError.swift in Sources */,
				BC66260329902A5D00ED94D5 /* NetworkManager.swift in Sources */,
				BC523D112993875100EA9EAF /* SettingsViewControllerProtocol.swift in Sources */,
				BCB37DC02991DB3200D6C671 /* UserServicesProtocol.swift in Sources */,
				BC6625EE2990139F00ED94D5 /* UITextsContainer.swift in Sources */,
				BCA8B74929930D400062C3E5 /* ToastDelegate.swift in Sources */,
				BC6625F12990151900ED94D5 /* Coordinator.swift in Sources */,
				BCB37DC92991EF1200D6C671 /* ErrorTextsContainer.swift in Sources */,
				BC662610299036E600ED94D5 /* TabBarCoordinator.swift in Sources */,
				BC6625B6298FF9FD00ED94D5 /* AppDelegate.swift in Sources */,
				BC523D1C299389F100EA9EAF /* SourceryProtocols.swift in Sources */,
				BCB37DD5299220C800D6C671 /* RemoteImageView.swift in Sources */,
				BC523D152993883400EA9EAF /* SettingsSectionsFactory.swift in Sources */,
				BCB37D692990D0AE00D6C671 /* AlbumCollectionViewCell.swift in Sources */,
				BC523D1F29938AA500EA9EAF /* UserPreferences.swift in Sources */,
				BCA8B7432992614C0062C3E5 /* PresentsToast.swift in Sources */,
				BC66260629902B5900ED94D5 /* NetworkManagerProtocol.swift in Sources */,
				BC523D2929938F9300EA9EAF /* UserDefaultsManagerMock.swift in Sources */,
				BCA8B745299261670062C3E5 /* UIColor+Ext.swift in Sources */,
				BC6625F92990211800ED94D5 /* UserDefaultsManager.swift in Sources */,
				BCAE07832994C6E700C199D3 /* FileNamesContainer.swift in Sources */,
				BCB37DCB2991F6C200D6C671 /* GenericError.swift in Sources */,
				BCB37DA929919E6F00D6C671 /* ProfileTableViewSectionHeader.swift in Sources */,
				BCB37D652990D01300D6C671 /* AlbumDetailsCollectionViewDataSource.swift in Sources */,
				BC523D192993897F00EA9EAF /* UserPreferencesServiceProtocol.swift in Sources */,
				BCB37DDA29922E4400D6C671 /* PhotoDetailsView.swift in Sources */,
				BC66261D29903BAE00ED94D5 /* SwiftUIPreview.swift in Sources */,
				BC6625EB2990131F00ED94D5 /* String+Ext.swift in Sources */,
				BC3D267D2990646500948490 /* Address.swift in Sources */,
				BC6625F62990206800ED94D5 /* DependencyContainer.swift in Sources */,
				BC523D0C299386CD00EA9EAF /* SettingsViewController+Actions.swift in Sources */,
				BC523D2729938D5700EA9EAF /* UINavigationController+Ext.swift in Sources */,
				BCAE07812994C4D000C199D3 /* JSONFileLoader.swift in Sources */,
				BCB37DAB2991AA4400D6C671 /* API.swift in Sources */,
				BC6625B8298FF9FD00ED94D5 /* SceneDelegate.swift in Sources */,
				BC66262029903CE900ED94D5 /* MainViewControllersFactory.swift in Sources */,
				BC523D0F2993873500EA9EAF /* SettingsViewModel.swift in Sources */,
				BC3D267B299061C900948490 /* Album.swift in Sources */,
				BCB37DD129921D3100D6C671 /* PhotoService.swift in Sources */,
				BCD1AFE62990695000CFDDD4 /* ProfileHeader.swift in Sources */,
				BC523D092993863800EA9EAF /* SettingsOption.swift in Sources */,
				BC523D2329938BF800EA9EAF /* ENV.swift in Sources */,
			);
			runOnlyForDeploymentPostprocessing = 0;
		};
		BC6625C4298FFA0100ED94D5 /* Sources */ = {
			isa = PBXSourcesBuildPhase;
			buildActionMask = 2147483647;
			files = (
				BC523D2C2993ACB200EA9EAF /* NetworkManagerMock.swift in Sources */,
				BC6625CD298FFA0100ED94D5 /* NetworkManagerTests.swift in Sources */,
				BCAFECCE2994E1FB0022F573 /* UserPreferencesServiceTests.swift in Sources */,
				BCAFECD62994E5020022F573 /* AlbumServiceMock.swift in Sources */,
				BCAFECD32994E5020022F573 /* PhotoServiceMock.swift in Sources */,
				BCAFECE12994F1FF0022F573 /* ProfileViewControllerIntegrationTests.swift in Sources */,
				BCAE07872994D50600C199D3 /* UserServiceTests.swift in Sources */,
				BCAFECDC2994EE1D0022F573 /* AlbumDetailsViewModelTests.swift in Sources */,
				BCAFECE32994F3F00022F573 /* AlbumDetailsViewControllerIntegrationTests.swift in Sources */,
				BCAFECDA2994E68B0022F573 /* ProfileViewModelTests.swift in Sources */,
				BCAFECCA2994DFEB0022F573 /* AlbumServiceTests.swift in Sources */,
				BCAFECD42994E5020022F573 /* UserPreferencesServiceMock.swift in Sources */,
				BCAFECDE2994EF1F0022F573 /* SettingsViewModelTests.swift in Sources */,
				BCAFECD52994E5020022F573 /* UserServiceMock.swift in Sources */,
				BCAFECCC2994E0D90022F573 /* PhotoServiceTests.swift in Sources */,
			);
			runOnlyForDeploymentPostprocessing = 0;
		};
		BC6625CE298FFA0200ED94D5 /* Sources */ = {
			isa = PBXSourcesBuildPhase;
			buildActionMask = 2147483647;
			files = (
				BC6625D9298FFA0200ED94D5 /* MyAlbumsUITestsLaunchTests.swift in Sources */,
				BC6625D7298FFA0200ED94D5 /* MyAlbumsUITests.swift in Sources */,
				BCAE077A2994C33300C199D3 /* UITextsContainer.swift in Sources */,
				BCAE07792994C33300C199D3 /* ColorNamesContainer.swift in Sources */,
				BCAE07842994C7BD00C199D3 /* FileNamesContainer.swift in Sources */,
				BCAE077B2994C33300C199D3 /* EnvironmentVariableNamesContainer.swift in Sources */,
				BCAE07852994C7C500C199D3 /* String+Ext.swift in Sources */,
				BCAE077C2994C33300C199D3 /* ErrorTextsContainer.swift in Sources */,
			);
			runOnlyForDeploymentPostprocessing = 0;
		};
/* End PBXSourcesBuildPhase section */

/* Begin PBXTargetDependency section */
		BC6625CA298FFA0100ED94D5 /* PBXTargetDependency */ = {
			isa = PBXTargetDependency;
			target = BC6625B1298FF9FD00ED94D5 /* MyAlbums */;
			targetProxy = BC6625C9298FFA0100ED94D5 /* PBXContainerItemProxy */;
		};
		BC6625D4298FFA0200ED94D5 /* PBXTargetDependency */ = {
			isa = PBXTargetDependency;
			target = BC6625B1298FF9FD00ED94D5 /* MyAlbums */;
			targetProxy = BC6625D3298FFA0200ED94D5 /* PBXContainerItemProxy */;
		};
/* End PBXTargetDependency section */

/* Begin PBXVariantGroup section */
		BC6625C0298FFA0000ED94D5 /* LaunchScreen.storyboard */ = {
			isa = PBXVariantGroup;
			children = (
				BC6625C1298FFA0000ED94D5 /* Base */,
				BC6625FA2990243D00ED94D5 /* ar */,
			);
			name = LaunchScreen.storyboard;
			sourceTree = "<group>";
		};
		BC6625FF299025A800ED94D5 /* Localizable.strings */ = {
			isa = PBXVariantGroup;
			children = (
				BC6625FE299025A800ED94D5 /* en */,
				BC662600299025AB00ED94D5 /* ar */,
			);
			name = Localizable.strings;
			sourceTree = "<group>";
		};
/* End PBXVariantGroup section */

/* Begin XCBuildConfiguration section */
		BC6625DA298FFA0200ED94D5 /* Debug */ = {
			isa = XCBuildConfiguration;
			buildSettings = {
				ALWAYS_SEARCH_USER_PATHS = NO;
				CLANG_ANALYZER_LOCALIZABILITY_NONLOCALIZED = YES;
				CLANG_ANALYZER_NONNULL = YES;
				CLANG_ANALYZER_NUMBER_OBJECT_CONVERSION = YES_AGGRESSIVE;
				CLANG_CXX_LANGUAGE_STANDARD = "gnu++20";
				CLANG_ENABLE_MODULES = YES;
				CLANG_ENABLE_OBJC_ARC = YES;
				CLANG_ENABLE_OBJC_WEAK = YES;
				CLANG_WARN_BLOCK_CAPTURE_AUTORELEASING = YES;
				CLANG_WARN_BOOL_CONVERSION = YES;
				CLANG_WARN_COMMA = YES;
				CLANG_WARN_CONSTANT_CONVERSION = YES;
				CLANG_WARN_DEPRECATED_OBJC_IMPLEMENTATIONS = YES;
				CLANG_WARN_DIRECT_OBJC_ISA_USAGE = YES_ERROR;
				CLANG_WARN_DOCUMENTATION_COMMENTS = YES;
				CLANG_WARN_EMPTY_BODY = YES;
				CLANG_WARN_ENUM_CONVERSION = YES;
				CLANG_WARN_INFINITE_RECURSION = YES;
				CLANG_WARN_INT_CONVERSION = YES;
				CLANG_WARN_NON_LITERAL_NULL_CONVERSION = YES;
				CLANG_WARN_OBJC_IMPLICIT_RETAIN_SELF = YES;
				CLANG_WARN_OBJC_LITERAL_CONVERSION = YES;
				CLANG_WARN_OBJC_ROOT_CLASS = YES_ERROR;
				CLANG_WARN_QUOTED_INCLUDE_IN_FRAMEWORK_HEADER = YES;
				CLANG_WARN_RANGE_LOOP_ANALYSIS = YES;
				CLANG_WARN_STRICT_PROTOTYPES = YES;
				CLANG_WARN_SUSPICIOUS_MOVE = YES;
				CLANG_WARN_UNGUARDED_AVAILABILITY = YES_AGGRESSIVE;
				CLANG_WARN_UNREACHABLE_CODE = YES;
				CLANG_WARN__DUPLICATE_METHOD_MATCH = YES;
				COPY_PHASE_STRIP = NO;
				DEBUG_INFORMATION_FORMAT = dwarf;
				ENABLE_STRICT_OBJC_MSGSEND = YES;
				ENABLE_TESTABILITY = YES;
				GCC_C_LANGUAGE_STANDARD = gnu11;
				GCC_DYNAMIC_NO_PIC = NO;
				GCC_NO_COMMON_BLOCKS = YES;
				GCC_OPTIMIZATION_LEVEL = 0;
				GCC_PREPROCESSOR_DEFINITIONS = (
					"DEBUG=1",
					"$(inherited)",
				);
				GCC_WARN_64_TO_32_BIT_CONVERSION = YES;
				GCC_WARN_ABOUT_RETURN_TYPE = YES_ERROR;
				GCC_WARN_UNDECLARED_SELECTOR = YES;
				GCC_WARN_UNINITIALIZED_AUTOS = YES_AGGRESSIVE;
				GCC_WARN_UNUSED_FUNCTION = YES;
				GCC_WARN_UNUSED_VARIABLE = YES;
				IPHONEOS_DEPLOYMENT_TARGET = 13.0;
				MTL_ENABLE_DEBUG_INFO = INCLUDE_SOURCE;
				MTL_FAST_MATH = YES;
				ONLY_ACTIVE_ARCH = YES;
				SDKROOT = iphoneos;
				SWIFT_ACTIVE_COMPILATION_CONDITIONS = DEBUG;
				SWIFT_OPTIMIZATION_LEVEL = "-Onone";
			};
			name = Debug;
		};
		BC6625DB298FFA0200ED94D5 /* Release */ = {
			isa = XCBuildConfiguration;
			buildSettings = {
				ALWAYS_SEARCH_USER_PATHS = NO;
				CLANG_ANALYZER_LOCALIZABILITY_NONLOCALIZED = YES;
				CLANG_ANALYZER_NONNULL = YES;
				CLANG_ANALYZER_NUMBER_OBJECT_CONVERSION = YES_AGGRESSIVE;
				CLANG_CXX_LANGUAGE_STANDARD = "gnu++20";
				CLANG_ENABLE_MODULES = YES;
				CLANG_ENABLE_OBJC_ARC = YES;
				CLANG_ENABLE_OBJC_WEAK = YES;
				CLANG_WARN_BLOCK_CAPTURE_AUTORELEASING = YES;
				CLANG_WARN_BOOL_CONVERSION = YES;
				CLANG_WARN_COMMA = YES;
				CLANG_WARN_CONSTANT_CONVERSION = YES;
				CLANG_WARN_DEPRECATED_OBJC_IMPLEMENTATIONS = YES;
				CLANG_WARN_DIRECT_OBJC_ISA_USAGE = YES_ERROR;
				CLANG_WARN_DOCUMENTATION_COMMENTS = YES;
				CLANG_WARN_EMPTY_BODY = YES;
				CLANG_WARN_ENUM_CONVERSION = YES;
				CLANG_WARN_INFINITE_RECURSION = YES;
				CLANG_WARN_INT_CONVERSION = YES;
				CLANG_WARN_NON_LITERAL_NULL_CONVERSION = YES;
				CLANG_WARN_OBJC_IMPLICIT_RETAIN_SELF = YES;
				CLANG_WARN_OBJC_LITERAL_CONVERSION = YES;
				CLANG_WARN_OBJC_ROOT_CLASS = YES_ERROR;
				CLANG_WARN_QUOTED_INCLUDE_IN_FRAMEWORK_HEADER = YES;
				CLANG_WARN_RANGE_LOOP_ANALYSIS = YES;
				CLANG_WARN_STRICT_PROTOTYPES = YES;
				CLANG_WARN_SUSPICIOUS_MOVE = YES;
				CLANG_WARN_UNGUARDED_AVAILABILITY = YES_AGGRESSIVE;
				CLANG_WARN_UNREACHABLE_CODE = YES;
				CLANG_WARN__DUPLICATE_METHOD_MATCH = YES;
				COPY_PHASE_STRIP = NO;
				DEBUG_INFORMATION_FORMAT = "dwarf-with-dsym";
				ENABLE_NS_ASSERTIONS = NO;
				ENABLE_STRICT_OBJC_MSGSEND = YES;
				GCC_C_LANGUAGE_STANDARD = gnu11;
				GCC_NO_COMMON_BLOCKS = YES;
				GCC_WARN_64_TO_32_BIT_CONVERSION = YES;
				GCC_WARN_ABOUT_RETURN_TYPE = YES_ERROR;
				GCC_WARN_UNDECLARED_SELECTOR = YES;
				GCC_WARN_UNINITIALIZED_AUTOS = YES_AGGRESSIVE;
				GCC_WARN_UNUSED_FUNCTION = YES;
				GCC_WARN_UNUSED_VARIABLE = YES;
				IPHONEOS_DEPLOYMENT_TARGET = 13.0;
				MTL_ENABLE_DEBUG_INFO = NO;
				MTL_FAST_MATH = YES;
				SDKROOT = iphoneos;
				SWIFT_COMPILATION_MODE = wholemodule;
				SWIFT_OPTIMIZATION_LEVEL = "-O";
				VALIDATE_PRODUCT = YES;
			};
			name = Release;
		};
		BC6625DD298FFA0200ED94D5 /* Debug */ = {
			isa = XCBuildConfiguration;
			buildSettings = {
				ASSETCATALOG_COMPILER_APPICON_NAME = AppIcon;
				ASSETCATALOG_COMPILER_GLOBAL_ACCENT_COLOR_NAME = AccentColor;
				CODE_SIGN_STYLE = Automatic;
				CURRENT_PROJECT_VERSION = 1;
				DEVELOPMENT_TEAM = MG2N6H9TP7;
				GENERATE_INFOPLIST_FILE = YES;
				INFOPLIST_FILE = MyAlbums/Support/Info.plist;
				INFOPLIST_KEY_UIApplicationSupportsIndirectInputEvents = YES;
				INFOPLIST_KEY_UILaunchStoryboardName = LaunchScreen.storyboard;
				INFOPLIST_KEY_UIMainStoryboardFile = "";
				INFOPLIST_KEY_UISupportedInterfaceOrientations_iPad = "UIInterfaceOrientationPortrait UIInterfaceOrientationPortraitUpsideDown UIInterfaceOrientationLandscapeLeft UIInterfaceOrientationLandscapeRight";
				INFOPLIST_KEY_UISupportedInterfaceOrientations_iPhone = "UIInterfaceOrientationPortrait UIInterfaceOrientationLandscapeLeft UIInterfaceOrientationLandscapeRight";
				IPHONEOS_DEPLOYMENT_TARGET = 13.0;
				LD_RUNPATH_SEARCH_PATHS = (
					"$(inherited)",
					"@executable_path/Frameworks",
				);
				MARKETING_VERSION = 1.0;
				PRODUCT_BUNDLE_IDENTIFIER = com.AbdlrhmanElmhdy.MyAlbums;
				PRODUCT_NAME = "$(TARGET_NAME)";
				SWIFT_EMIT_LOC_STRINGS = YES;
				SWIFT_VERSION = 5.0;
				TARGETED_DEVICE_FAMILY = "1,2";
			};
			name = Debug;
		};
		BC6625DE298FFA0200ED94D5 /* Release */ = {
			isa = XCBuildConfiguration;
			buildSettings = {
				ASSETCATALOG_COMPILER_APPICON_NAME = AppIcon;
				ASSETCATALOG_COMPILER_GLOBAL_ACCENT_COLOR_NAME = AccentColor;
				CODE_SIGN_STYLE = Automatic;
				CURRENT_PROJECT_VERSION = 1;
				DEVELOPMENT_TEAM = MG2N6H9TP7;
				GENERATE_INFOPLIST_FILE = YES;
				INFOPLIST_FILE = MyAlbums/Support/Info.plist;
				INFOPLIST_KEY_UIApplicationSupportsIndirectInputEvents = YES;
				INFOPLIST_KEY_UILaunchStoryboardName = LaunchScreen.storyboard;
				INFOPLIST_KEY_UIMainStoryboardFile = "";
				INFOPLIST_KEY_UISupportedInterfaceOrientations_iPad = "UIInterfaceOrientationPortrait UIInterfaceOrientationPortraitUpsideDown UIInterfaceOrientationLandscapeLeft UIInterfaceOrientationLandscapeRight";
				INFOPLIST_KEY_UISupportedInterfaceOrientations_iPhone = "UIInterfaceOrientationPortrait UIInterfaceOrientationLandscapeLeft UIInterfaceOrientationLandscapeRight";
				IPHONEOS_DEPLOYMENT_TARGET = 13.0;
				LD_RUNPATH_SEARCH_PATHS = (
					"$(inherited)",
					"@executable_path/Frameworks",
				);
				MARKETING_VERSION = 1.0;
				PRODUCT_BUNDLE_IDENTIFIER = com.AbdlrhmanElmhdy.MyAlbums;
				PRODUCT_NAME = "$(TARGET_NAME)";
				SWIFT_EMIT_LOC_STRINGS = YES;
				SWIFT_VERSION = 5.0;
				TARGETED_DEVICE_FAMILY = "1,2";
			};
			name = Release;
		};
		BC6625E0298FFA0200ED94D5 /* Debug */ = {
			isa = XCBuildConfiguration;
			buildSettings = {
				ALWAYS_EMBED_SWIFT_STANDARD_LIBRARIES = YES;
				BUNDLE_LOADER = "$(TEST_HOST)";
				CODE_SIGN_STYLE = Automatic;
				CURRENT_PROJECT_VERSION = 1;
				DEVELOPMENT_TEAM = MG2N6H9TP7;
				GENERATE_INFOPLIST_FILE = YES;
				IPHONEOS_DEPLOYMENT_TARGET = 13.0;
				MARKETING_VERSION = 1.0;
				PRODUCT_BUNDLE_IDENTIFIER = com.AbdlrhmanElmhdy.MyAlbumsTests;
				PRODUCT_NAME = "$(TARGET_NAME)";
				SWIFT_EMIT_LOC_STRINGS = NO;
				SWIFT_VERSION = 5.0;
				TARGETED_DEVICE_FAMILY = "1,2";
				TEST_HOST = "$(BUILT_PRODUCTS_DIR)/MyAlbums.app/$(BUNDLE_EXECUTABLE_FOLDER_PATH)/MyAlbums";
			};
			name = Debug;
		};
		BC6625E1298FFA0200ED94D5 /* Release */ = {
			isa = XCBuildConfiguration;
			buildSettings = {
				ALWAYS_EMBED_SWIFT_STANDARD_LIBRARIES = YES;
				BUNDLE_LOADER = "$(TEST_HOST)";
				CODE_SIGN_STYLE = Automatic;
				CURRENT_PROJECT_VERSION = 1;
				DEVELOPMENT_TEAM = MG2N6H9TP7;
				GENERATE_INFOPLIST_FILE = YES;
				IPHONEOS_DEPLOYMENT_TARGET = 13.0;
				MARKETING_VERSION = 1.0;
				PRODUCT_BUNDLE_IDENTIFIER = com.AbdlrhmanElmhdy.MyAlbumsTests;
				PRODUCT_NAME = "$(TARGET_NAME)";
				SWIFT_EMIT_LOC_STRINGS = NO;
				SWIFT_VERSION = 5.0;
				TARGETED_DEVICE_FAMILY = "1,2";
				TEST_HOST = "$(BUILT_PRODUCTS_DIR)/MyAlbums.app/$(BUNDLE_EXECUTABLE_FOLDER_PATH)/MyAlbums";
			};
			name = Release;
		};
		BC6625E3298FFA0200ED94D5 /* Debug */ = {
			isa = XCBuildConfiguration;
			buildSettings = {
				ALWAYS_EMBED_SWIFT_STANDARD_LIBRARIES = YES;
				CODE_SIGN_STYLE = Automatic;
				CURRENT_PROJECT_VERSION = 1;
				DEVELOPMENT_TEAM = MG2N6H9TP7;
				GENERATE_INFOPLIST_FILE = YES;
				MARKETING_VERSION = 1.0;
				PRODUCT_BUNDLE_IDENTIFIER = com.AbdlrhmanElmhdy.MyAlbumsUITests;
				PRODUCT_NAME = "$(TARGET_NAME)";
				SWIFT_EMIT_LOC_STRINGS = NO;
				SWIFT_VERSION = 5.0;
				TARGETED_DEVICE_FAMILY = "1,2";
				TEST_TARGET_NAME = MyAlbums;
			};
			name = Debug;
		};
		BC6625E4298FFA0200ED94D5 /* Release */ = {
			isa = XCBuildConfiguration;
			buildSettings = {
				ALWAYS_EMBED_SWIFT_STANDARD_LIBRARIES = YES;
				CODE_SIGN_STYLE = Automatic;
				CURRENT_PROJECT_VERSION = 1;
				DEVELOPMENT_TEAM = MG2N6H9TP7;
				GENERATE_INFOPLIST_FILE = YES;
				MARKETING_VERSION = 1.0;
				PRODUCT_BUNDLE_IDENTIFIER = com.AbdlrhmanElmhdy.MyAlbumsUITests;
				PRODUCT_NAME = "$(TARGET_NAME)";
				SWIFT_EMIT_LOC_STRINGS = NO;
				SWIFT_VERSION = 5.0;
				TARGETED_DEVICE_FAMILY = "1,2";
				TEST_TARGET_NAME = MyAlbums;
			};
			name = Release;
		};
/* End XCBuildConfiguration section */

/* Begin XCConfigurationList section */
		BC6625AD298FF9FD00ED94D5 /* Build configuration list for PBXProject "MyAlbums" */ = {
			isa = XCConfigurationList;
			buildConfigurations = (
				BC6625DA298FFA0200ED94D5 /* Debug */,
				BC6625DB298FFA0200ED94D5 /* Release */,
			);
			defaultConfigurationIsVisible = 0;
			defaultConfigurationName = Release;
		};
		BC6625DC298FFA0200ED94D5 /* Build configuration list for PBXNativeTarget "MyAlbums" */ = {
			isa = XCConfigurationList;
			buildConfigurations = (
				BC6625DD298FFA0200ED94D5 /* Debug */,
				BC6625DE298FFA0200ED94D5 /* Release */,
			);
			defaultConfigurationIsVisible = 0;
			defaultConfigurationName = Release;
		};
		BC6625DF298FFA0200ED94D5 /* Build configuration list for PBXNativeTarget "MyAlbumsTests" */ = {
			isa = XCConfigurationList;
			buildConfigurations = (
				BC6625E0298FFA0200ED94D5 /* Debug */,
				BC6625E1298FFA0200ED94D5 /* Release */,
			);
			defaultConfigurationIsVisible = 0;
			defaultConfigurationName = Release;
		};
		BC6625E2298FFA0200ED94D5 /* Build configuration list for PBXNativeTarget "MyAlbumsUITests" */ = {
			isa = XCConfigurationList;
			buildConfigurations = (
				BC6625E3298FFA0200ED94D5 /* Debug */,
				BC6625E4298FFA0200ED94D5 /* Release */,
			);
			defaultConfigurationIsVisible = 0;
			defaultConfigurationName = Release;
		};
/* End XCConfigurationList section */

/* Begin XCRemoteSwiftPackageReference section */
		BCB37DAD2991B07200D6C671 /* XCRemoteSwiftPackageReference "Moya" */ = {
			isa = XCRemoteSwiftPackageReference;
			repositoryURL = "https://github.com/Moya/Moya";
			requirement = {
				kind = upToNextMajorVersion;
				minimumVersion = 15.0.0;
			};
		};
		BCB37DB42991C4AF00D6C671 /* XCRemoteSwiftPackageReference "CombineCocoa" */ = {
			isa = XCRemoteSwiftPackageReference;
			repositoryURL = "https://github.com/CombineCommunity/CombineCocoa";
			requirement = {
				kind = upToNextMajorVersion;
				minimumVersion = 0.4.1;
			};
		};
		BCB37DD62992210800D6C671 /* XCRemoteSwiftPackageReference "ShimmerSwift" */ = {
			isa = XCRemoteSwiftPackageReference;
			repositoryURL = "https://github.com/BeauNouvelle/ShimmerSwift";
			requirement = {
				kind = upToNextMajorVersion;
				minimumVersion = 2.0.0;
			};
		};
/* End XCRemoteSwiftPackageReference section */

/* Begin XCSwiftPackageProductDependency section */
		BC2F302D2994BAA100137833 /* CombineMoya */ = {
			isa = XCSwiftPackageProductDependency;
			package = BCB37DAD2991B07200D6C671 /* XCRemoteSwiftPackageReference "Moya" */;
			productName = CombineMoya;
		};
		BC2F302F2994BAA100137833 /* Moya */ = {
			isa = XCSwiftPackageProductDependency;
			package = BCB37DAD2991B07200D6C671 /* XCRemoteSwiftPackageReference "Moya" */;
			productName = Moya;
		};
		BC2F30312994BAA100137833 /* ReactiveMoya */ = {
			isa = XCSwiftPackageProductDependency;
			package = BCB37DAD2991B07200D6C671 /* XCRemoteSwiftPackageReference "Moya" */;
			productName = ReactiveMoya;
		};
		BC2F30332994BAA100137833 /* RxMoya */ = {
			isa = XCSwiftPackageProductDependency;
			package = BCB37DAD2991B07200D6C671 /* XCRemoteSwiftPackageReference "Moya" */;
			productName = RxMoya;
		};
		BC2F30352994BAA100137833 /* CombineCocoa */ = {
			isa = XCSwiftPackageProductDependency;
			package = BCB37DB42991C4AF00D6C671 /* XCRemoteSwiftPackageReference "CombineCocoa" */;
			productName = CombineCocoa;
		};
		BC2F30372994BAA100137833 /* ShimmerSwift */ = {
			isa = XCSwiftPackageProductDependency;
			package = BCB37DD62992210800D6C671 /* XCRemoteSwiftPackageReference "ShimmerSwift" */;
			productName = ShimmerSwift;
		};
		BCB37DAE2991B07200D6C671 /* CombineMoya */ = {
			isa = XCSwiftPackageProductDependency;
			package = BCB37DAD2991B07200D6C671 /* XCRemoteSwiftPackageReference "Moya" */;
			productName = CombineMoya;
		};
		BCB37DB02991B07200D6C671 /* Moya */ = {
			isa = XCSwiftPackageProductDependency;
			package = BCB37DAD2991B07200D6C671 /* XCRemoteSwiftPackageReference "Moya" */;
			productName = Moya;
		};
		BCB37DB52991C4AF00D6C671 /* CombineCocoa */ = {
			isa = XCSwiftPackageProductDependency;
			package = BCB37DB42991C4AF00D6C671 /* XCRemoteSwiftPackageReference "CombineCocoa" */;
			productName = CombineCocoa;
		};
		BCB37DD72992210800D6C671 /* ShimmerSwift */ = {
			isa = XCSwiftPackageProductDependency;
			package = BCB37DD62992210800D6C671 /* XCRemoteSwiftPackageReference "ShimmerSwift" */;
			productName = ShimmerSwift;
		};
/* End XCSwiftPackageProductDependency section */
	};
	rootObject = BC6625AA298FF9FD00ED94D5 /* Project object */;
}
